{
    "errorproneJavac": {
        "com.google.errorprone:javac": {
            "locked": "9+181-r4173-1"
        }
    },
    "jmh": {
        "net.sf.jopt-simple:jopt-simple": {
            "locked": "5.0.4",
            "transitive": [
                "org.openjdk.jmh:jmh-core"
            ]
        },
        "org.apache.commons:commons-math3": {
            "locked": "3.2",
            "transitive": [
                "org.openjdk.jmh:jmh-core"
            ]
        },
        "org.openjdk.jmh:jmh-core": {
            "locked": "1.36",
            "transitive": [
                "org.openjdk.jmh:jmh-generator-asm",
                "org.openjdk.jmh:jmh-generator-bytecode",
                "org.openjdk.jmh:jmh-generator-reflection"
            ]
        },
        "org.openjdk.jmh:jmh-generator-asm": {
            "locked": "1.36",
            "transitive": [
                "org.openjdk.jmh:jmh-generator-bytecode"
            ]
        },
        "org.openjdk.jmh:jmh-generator-bytecode": {
            "locked": "1.36"
        },
        "org.openjdk.jmh:jmh-generator-reflection": {
            "locked": "1.36",
            "transitive": [
                "org.openjdk.jmh:jmh-generator-asm",
                "org.openjdk.jmh:jmh-generator-bytecode"
            ]
        },
        "org.ow2.asm:asm": {
            "locked": "9.0",
            "transitive": [
                "org.openjdk.jmh:jmh-generator-asm"
            ]
        }
    },
    "jmhCompileClasspath": {
        "net.sf.jopt-simple:jopt-simple": {
            "locked": "5.0.4",
            "transitive": [
                "org.openjdk.jmh:jmh-core"
            ]
        },
        "org.apache.commons:commons-math3": {
            "locked": "3.2",
            "transitive": [
                "org.openjdk.jmh:jmh-core"
            ]
        },
        "org.openjdk.jmh:jmh-core": {
            "locked": "1.36",
            "transitive": [
                "org.openjdk.jmh:jmh-generator-asm",
                "org.openjdk.jmh:jmh-generator-bytecode",
                "org.openjdk.jmh:jmh-generator-reflection"
            ]
        },
        "org.openjdk.jmh:jmh-generator-asm": {
            "locked": "1.36",
            "transitive": [
                "org.openjdk.jmh:jmh-generator-bytecode"
            ]
        },
        "org.openjdk.jmh:jmh-generator-bytecode": {
            "locked": "1.36"
        },
        "org.openjdk.jmh:jmh-generator-reflection": {
            "locked": "1.36",
            "transitive": [
                "org.openjdk.jmh:jmh-generator-asm",
                "org.openjdk.jmh:jmh-generator-bytecode"
            ]
        },
        "org.ow2.asm:asm": {
            "locked": "9.0",
            "transitive": [
                "org.openjdk.jmh:jmh-generator-asm"
            ]
        }
    },
    "jmhRuntimeClasspath": {
        "net.sf.jopt-simple:jopt-simple": {
            "locked": "5.0.4",
            "transitive": [
                "org.openjdk.jmh:jmh-core"
            ]
        },
        "org.apache.commons:commons-math3": {
            "locked": "3.2",
            "transitive": [
                "org.openjdk.jmh:jmh-core"
            ]
        },
        "org.openjdk.jmh:jmh-core": {
            "locked": "1.36",
            "transitive": [
                "org.openjdk.jmh:jmh-generator-asm",
                "org.openjdk.jmh:jmh-generator-bytecode",
                "org.openjdk.jmh:jmh-generator-reflection"
            ]
        },
        "org.openjdk.jmh:jmh-generator-asm": {
            "locked": "1.36",
            "transitive": [
                "org.openjdk.jmh:jmh-generator-bytecode"
            ]
        },
        "org.openjdk.jmh:jmh-generator-bytecode": {
            "locked": "1.36"
        },
        "org.openjdk.jmh:jmh-generator-reflection": {
            "locked": "1.36",
            "transitive": [
                "org.openjdk.jmh:jmh-generator-asm",
                "org.openjdk.jmh:jmh-generator-bytecode"
            ]
        },
        "org.ow2.asm:asm": {
            "locked": "9.0",
            "transitive": [
                "org.openjdk.jmh:jmh-generator-asm"
            ]
        }
    },
    "rewrite": {
        "ch.qos.logback:logback-classic": {
            "locked": "1.2.13",
            "transitive": [
                "org.openrewrite:rewrite-csharp"
            ]
        },
        "ch.qos.logback:logback-core": {
            "locked": "1.2.13",
            "transitive": [
                "ch.qos.logback:logback-classic"
            ]
        },
        "com.fasterxml.jackson.core:jackson-annotations": {
            "locked": "2.17.2",
            "transitive": [
                "com.fasterxml.jackson.core:jackson-databind",
                "com.fasterxml.jackson.dataformat:jackson-dataformat-csv",
                "com.fasterxml.jackson.dataformat:jackson-dataformat-xml",
                "com.fasterxml.jackson.datatype:jackson-datatype-jsr310",
                "com.fasterxml.jackson.module:jackson-module-jaxb-annotations",
                "com.fasterxml.jackson:jackson-bom",
                "com.github.docker-java:docker-java-api",
                "org.openrewrite:rewrite-groovy",
                "org.openrewrite:rewrite-java",
                "org.openrewrite:rewrite-maven",
                "org.openrewrite:rewrite-properties",
                "org.openrewrite:rewrite-xml",
                "org.openrewrite:rewrite-yaml"
            ]
        },
        "com.fasterxml.jackson.core:jackson-core": {
            "locked": "2.17.2",
            "transitive": [
                "com.fasterxml.jackson.core:jackson-databind",
                "com.fasterxml.jackson.dataformat:jackson-dataformat-cbor",
                "com.fasterxml.jackson.dataformat:jackson-dataformat-csv",
                "com.fasterxml.jackson.dataformat:jackson-dataformat-smile",
                "com.fasterxml.jackson.dataformat:jackson-dataformat-xml",
                "com.fasterxml.jackson.datatype:jackson-datatype-jdk8",
                "com.fasterxml.jackson.datatype:jackson-datatype-jsr310",
                "com.fasterxml.jackson.module:jackson-module-jaxb-annotations",
                "com.fasterxml.jackson.module:jackson-module-parameter-names",
                "com.fasterxml.jackson:jackson-bom",
                "org.openrewrite:rewrite-core",
                "org.openrewrite:rewrite-csharp"
            ]
        },
        "com.fasterxml.jackson.core:jackson-databind": {
            "locked": "2.17.2",
            "transitive": [
                "com.fasterxml.jackson.dataformat:jackson-dataformat-cbor",
                "com.fasterxml.jackson.dataformat:jackson-dataformat-csv",
                "com.fasterxml.jackson.dataformat:jackson-dataformat-smile",
                "com.fasterxml.jackson.dataformat:jackson-dataformat-xml",
                "com.fasterxml.jackson.datatype:jackson-datatype-jdk8",
                "com.fasterxml.jackson.datatype:jackson-datatype-jsr310",
                "com.fasterxml.jackson.module:jackson-module-jaxb-annotations",
                "com.fasterxml.jackson.module:jackson-module-parameter-names",
                "com.fasterxml.jackson:jackson-bom",
                "org.openrewrite:rewrite-core"
            ]
        },
        "com.fasterxml.jackson.dataformat:jackson-dataformat-cbor": {
            "locked": "2.17.2",
            "transitive": [
                "com.fasterxml.jackson:jackson-bom",
                "org.openrewrite:rewrite-csharp"
            ]
        },
        "com.fasterxml.jackson.dataformat:jackson-dataformat-csv": {
            "locked": "2.17.2",
            "transitive": [
                "com.fasterxml.jackson:jackson-bom",
                "org.openrewrite.recipe:rewrite-java-dependencies"
            ]
        },
        "com.fasterxml.jackson.dataformat:jackson-dataformat-smile": {
            "locked": "2.17.2",
            "transitive": [
                "com.fasterxml.jackson:jackson-bom",
                "org.openrewrite:rewrite-core",
                "org.openrewrite:rewrite-maven"
            ]
        },
        "com.fasterxml.jackson.dataformat:jackson-dataformat-xml": {
            "locked": "2.17.2",
            "transitive": [
                "com.fasterxml.jackson:jackson-bom",
                "org.openrewrite.recipe:rewrite-java-dependencies",
                "org.openrewrite:rewrite-maven"
            ]
        },
        "com.fasterxml.jackson.datatype:jackson-datatype-jdk8": {
            "locked": "2.17.2",
            "transitive": [
                "com.fasterxml.jackson:jackson-bom",
                "org.openrewrite:rewrite-maven"
            ]
        },
        "com.fasterxml.jackson.datatype:jackson-datatype-jsr310": {
            "locked": "2.17.2",
            "transitive": [
                "com.fasterxml.jackson:jackson-bom",
                "org.openrewrite.recipe:rewrite-java-dependencies",
                "org.openrewrite:rewrite-core"
            ]
        },
        "com.fasterxml.jackson.module:jackson-module-jaxb-annotations": {
            "locked": "2.17.2",
            "transitive": [
                "com.fasterxml.jackson:jackson-bom",
                "org.openrewrite:rewrite-maven"
            ]
        },
        "com.fasterxml.jackson.module:jackson-module-parameter-names": {
            "locked": "2.17.2",
            "transitive": [
                "com.fasterxml.jackson:jackson-bom",
                "org.openrewrite:rewrite-core"
            ]
        },
        "com.fasterxml.jackson:jackson-bom": {
            "locked": "2.17.2",
            "transitive": [
                "com.fasterxml.jackson.core:jackson-annotations",
                "com.fasterxml.jackson.core:jackson-core",
                "com.fasterxml.jackson.core:jackson-databind",
                "com.fasterxml.jackson.dataformat:jackson-dataformat-cbor",
                "com.fasterxml.jackson.dataformat:jackson-dataformat-csv",
                "com.fasterxml.jackson.dataformat:jackson-dataformat-smile",
                "com.fasterxml.jackson.dataformat:jackson-dataformat-xml",
                "com.fasterxml.jackson.datatype:jackson-datatype-jdk8",
                "com.fasterxml.jackson.datatype:jackson-datatype-jsr310",
                "com.fasterxml.jackson.module:jackson-module-jaxb-annotations",
                "com.fasterxml.jackson.module:jackson-module-parameter-names"
            ]
        },
        "com.fasterxml.woodstox:woodstox-core": {
            "locked": "6.7.0",
            "transitive": [
                "com.fasterxml.jackson.dataformat:jackson-dataformat-xml"
            ]
        },
        "com.github.ben-manes.caffeine:caffeine": {
            "locked": "2.9.3",
            "transitive": [
                "org.openrewrite:rewrite-maven"
            ]
        },
        "com.github.docker-java:docker-java-api": {
            "locked": "3.4.0",
            "transitive": [
                "org.testcontainers:testcontainers"
            ]
        },
        "com.github.docker-java:docker-java-transport": {
            "locked": "3.4.0",
            "transitive": [
                "com.github.docker-java:docker-java-transport-zerodep"
            ]
        },
        "com.github.docker-java:docker-java-transport-zerodep": {
            "locked": "3.4.0",
            "transitive": [
                "org.testcontainers:testcontainers"
            ]
        },
        "com.google.code.findbugs:jsr305": {
            "locked": "3.0.2",
            "transitive": [
                "com.google.guava:guava"
            ]
        },
        "com.google.errorprone:error_prone_annotations": {
            "locked": "2.28.0",
            "transitive": [
                "com.github.ben-manes.caffeine:caffeine",
                "com.google.guava:guava"
            ]
        },
        "com.google.guava:failureaccess": {
            "locked": "1.0.2",
            "transitive": [
                "com.google.guava:guava"
            ]
        },
        "com.google.guava:guava": {
            "locked": "33.3.1-jre",
            "transitive": [
                "tech.picnic.error-prone-support:refaster-support"
            ]
        },
        "com.google.guava:listenablefuture": {
            "locked": "9999.0-empty-to-avoid-conflict-with-guava",
            "transitive": [
                "com.google.guava:guava"
            ]
        },
        "com.google.j2objc:j2objc-annotations": {
            "locked": "3.0.0",
            "transitive": [
                "com.google.guava:guava"
            ]
        },
        "com.googlecode.javaewah:JavaEWAH": {
            "locked": "1.1.13",
            "transitive": [
                "org.openrewrite.tools:jgit"
            ]
        },
        "commons-codec:commons-codec": {
            "locked": "1.17.1",
            "transitive": [
                "org.apache.commons:commons-compress"
            ]
        },
        "commons-io:commons-io": {
            "locked": "2.16.1",
            "transitive": [
                "org.apache.commons:commons-compress"
            ]
        },
        "dev.failsafe:failsafe": {
            "locked": "3.3.2",
            "transitive": [
                "org.openrewrite:rewrite-maven"
            ]
        },
        "io.github.classgraph:classgraph": {
            "locked": "4.8.179",
            "transitive": [
                "org.openrewrite.meta:rewrite-analysis",
                "org.openrewrite:rewrite-core",
                "org.openrewrite:rewrite-java",
                "org.openrewrite:rewrite-java-17"
            ]
        },
        "io.micrometer:micrometer-commons": {
            "locked": "1.14.2",
            "transitive": [
                "io.micrometer:micrometer-core",
                "io.micrometer:micrometer-observation"
            ]
        },
        "io.micrometer:micrometer-core": {
            "locked": "1.14.2",
            "transitive": [
                "org.openrewrite:rewrite-core",
                "org.openrewrite:rewrite-csharp",
                "org.openrewrite:rewrite-groovy",
                "org.openrewrite:rewrite-java",
                "org.openrewrite:rewrite-java-17",
                "org.openrewrite:rewrite-maven",
                "org.openrewrite:rewrite-properties",
                "org.openrewrite:rewrite-xml",
                "org.openrewrite:rewrite-yaml"
            ]
        },
        "io.micrometer:micrometer-observation": {
            "locked": "1.14.2",
            "transitive": [
                "io.micrometer:micrometer-core"
            ]
        },
        "io.quarkus.gizmo:gizmo": {
            "locked": "1.0.11.Final",
            "transitive": [
                "org.openrewrite:rewrite-core"
            ]
        },
        "jakarta.activation:jakarta.activation-api": {
            "locked": "1.2.2",
            "transitive": [
                "com.fasterxml.jackson.module:jackson-module-jaxb-annotations",
                "jakarta.xml.bind:jakarta.xml.bind-api"
            ]
        },
        "jakarta.xml.bind:jakarta.xml.bind-api": {
            "locked": "2.3.3",
            "transitive": [
                "com.fasterxml.jackson.module:jackson-module-jaxb-annotations"
            ]
        },
        "junit:junit": {
            "locked": "4.13.2",
            "transitive": [
                "org.testcontainers:testcontainers"
            ]
        },
        "log4j:log4j": {
            "locked": "1.2.17",
            "transitive": [
                "org.openrewrite.recipe:rewrite-logging-frameworks"
            ]
        },
        "net.java.dev.jna:jna": {
            "locked": "5.15.0",
            "transitive": [
                "com.github.docker-java:docker-java-transport-zerodep",
                "net.java.dev.jna:jna-platform"
            ]
        },
        "net.java.dev.jna:jna-platform": {
            "locked": "5.15.0",
            "transitive": [
                "org.openrewrite:rewrite-core"
            ]
        },
        "org.antlr:antlr4-runtime": {
            "locked": "4.11.1",
            "transitive": [
                "org.openrewrite:rewrite-java",
                "org.openrewrite:rewrite-maven",
                "org.openrewrite:rewrite-xml",
                "org.openrewrite:rewrite-yaml"
            ]
        },
        "org.apache.commons:commons-compress": {
            "locked": "1.27.1",
            "transitive": [
                "org.openrewrite:rewrite-core",
                "org.testcontainers:testcontainers"
            ]
        },
        "org.apache.commons:commons-lang3": {
            "locked": "3.17.0",
            "transitive": [
                "org.apache.commons:commons-compress",
                "org.apache.commons:commons-text",
                "org.openrewrite:rewrite-java"
            ]
        },
        "org.apache.commons:commons-text": {
            "locked": "1.13.0",
            "transitive": [
                "org.openrewrite.recipe:rewrite-static-analysis",
                "org.openrewrite:rewrite-java",
                "org.openrewrite:rewrite-maven",
                "org.openrewrite:rewrite-xml"
            ]
        },
        "org.apache.logging.log4j:log4j-api": {
            "locked": "2.24.3",
            "transitive": [
                "org.apache.logging.log4j:log4j-core"
            ]
        },
        "org.apache.logging.log4j:log4j-core": {
            "locked": "2.24.3",
            "transitive": [
                "org.openrewrite.recipe:rewrite-logging-frameworks"
            ]
        },
        "org.checkerframework:checker-qual": {
            "locked": "3.43.0",
            "transitive": [
                "com.github.ben-manes.caffeine:caffeine",
                "com.google.guava:guava"
            ]
        },
        "org.codehaus.groovy:groovy": {
            "locked": "3.0.23",
            "transitive": [
                "org.openrewrite:rewrite-groovy"
            ]
        },
        "org.codehaus.woodstox:stax2-api": {
            "locked": "4.2.2",
            "transitive": [
                "com.fasterxml.jackson.dataformat:jackson-dataformat-xml",
                "com.fasterxml.woodstox:woodstox-core"
            ]
        },
        "org.functionaljava:functionaljava": {
            "locked": "5.0",
            "transitive": [
                "org.openrewrite.meta:rewrite-analysis"
            ]
        },
        "org.hamcrest:hamcrest-core": {
            "locked": "1.3",
            "transitive": [
                "junit:junit"
            ]
        },
        "org.hdrhistogram:HdrHistogram": {
            "locked": "2.2.2",
            "transitive": [
                "io.micrometer:micrometer-core"
            ]
        },
        "org.jboss:jandex": {
            "locked": "2.4.2.Final",
            "transitive": [
                "io.quarkus.gizmo:gizmo"
            ]
        },
        "org.jetbrains.intellij.deps:trove4j": {
            "locked": "1.0.20200330",
            "transitive": [
                "org.jetbrains.kotlin:kotlin-compiler-embeddable"
            ]
        },
        "org.jetbrains.kotlin:kotlin-compiler-embeddable": {
            "locked": "1.9.25",
            "transitive": [
                "org.openrewrite:rewrite-kotlin"
            ]
        },
        "org.jetbrains.kotlin:kotlin-daemon-embeddable": {
            "locked": "1.9.25",
            "transitive": [
                "org.jetbrains.kotlin:kotlin-compiler-embeddable"
            ]
        },
        "org.jetbrains.kotlin:kotlin-reflect": {
            "locked": "1.6.10",
            "transitive": [
                "org.jetbrains.kotlin:kotlin-compiler-embeddable"
            ]
        },
        "org.jetbrains.kotlin:kotlin-script-runtime": {
            "locked": "1.9.25",
            "transitive": [
                "org.jetbrains.kotlin:kotlin-compiler-embeddable"
            ]
        },
        "org.jetbrains.kotlin:kotlin-stdlib": {
            "locked": "1.9.25",
            "transitive": [
                "org.jetbrains.kotlin:kotlin-compiler-embeddable",
                "org.openrewrite:rewrite-kotlin"
            ]
        },
        "org.jetbrains:annotations": {
            "locked": "26.0.1",
            "transitive": [
                "org.jetbrains.kotlin:kotlin-stdlib",
                "org.openrewrite.meta:rewrite-analysis",
                "org.openrewrite.recipe:rewrite-java-dependencies",
                "org.openrewrite.recipe:rewrite-logging-frameworks",
                "org.openrewrite.recipe:rewrite-static-analysis",
                "org.openrewrite.recipe:rewrite-testing-frameworks",
                "org.openrewrite.tools:java-object-diff",
                "org.openrewrite.tools:jgit",
                "org.openrewrite:rewrite-core",
                "org.openrewrite:rewrite-csharp",
                "org.openrewrite:rewrite-gradle",
                "org.openrewrite:rewrite-groovy",
                "org.openrewrite:rewrite-java",
                "org.openrewrite:rewrite-java-17",
                "org.openrewrite:rewrite-java-lombok",
                "org.openrewrite:rewrite-kotlin",
                "org.openrewrite:rewrite-maven",
                "org.openrewrite:rewrite-properties",
                "org.openrewrite:rewrite-xml",
                "org.openrewrite:rewrite-yaml",
                "org.rnorth.duct-tape:duct-tape"
            ]
        },
        "org.jspecify:jspecify": {
            "locked": "1.0.0",
            "transitive": [
                "org.openrewrite:rewrite-core",
                "org.openrewrite:rewrite-java-lombok",
                "org.openrewrite:rewrite-templating"
            ]
        },
        "org.kohsuke:wordnet-random-name": {
            "locked": "1.6",
            "transitive": [
                "org.openrewrite.recipe:rewrite-logging-frameworks"
            ]
        },
        "org.latencyutils:LatencyUtils": {
            "locked": "2.0.3",
            "transitive": [
                "io.micrometer:micrometer-core"
            ]
        },
        "org.openrewrite.meta:rewrite-analysis": {
            "locked": "2.14.0",
            "transitive": [
                "org.openrewrite.recipe:rewrite-recipe-bom",
                "org.openrewrite.recipe:rewrite-static-analysis"
            ]
        },
        "org.openrewrite.recipe:rewrite-java-dependencies": {
            "locked": "1.25.0",
            "transitive": [
                "org.openrewrite.recipe:rewrite-logging-frameworks",
                "org.openrewrite.recipe:rewrite-recipe-bom",
                "org.openrewrite.recipe:rewrite-testing-frameworks"
            ]
        },
        "org.openrewrite.recipe:rewrite-logging-frameworks": {
            "locked": "2.18.0",
            "transitive": [
                "org.openrewrite.recipe:rewrite-recipe-bom"
            ]
        },
        "org.openrewrite.recipe:rewrite-recipe-bom": {
            "locked": "2.23.2"
        },
        "org.openrewrite.recipe:rewrite-static-analysis": {
            "locked": "1.22.0",
            "transitive": [
                "org.openrewrite.recipe:rewrite-logging-frameworks",
                "org.openrewrite.recipe:rewrite-recipe-bom",
                "org.openrewrite.recipe:rewrite-testing-frameworks"
            ]
        },
        "org.openrewrite.recipe:rewrite-testing-frameworks": {
            "locked": "2.24.0",
            "transitive": [
                "org.openrewrite.recipe:rewrite-recipe-bom"
            ]
        },
        "org.openrewrite.tools:java-object-diff": {
            "locked": "1.0.1",
            "transitive": [
                "org.openrewrite:rewrite-core"
            ]
        },
        "org.openrewrite.tools:jgit": {
            "locked": "1.2.0",
            "transitive": [
                "org.openrewrite:rewrite-core"
            ]
        },
        "org.openrewrite:rewrite-core": {
            "locked": "8.42.0",
            "transitive": [
                "org.openrewrite.recipe:rewrite-recipe-bom",
                "org.openrewrite:rewrite-csharp",
                "org.openrewrite:rewrite-gradle",
                "org.openrewrite:rewrite-java",
                "org.openrewrite:rewrite-java-17",
                "org.openrewrite:rewrite-maven",
                "org.openrewrite:rewrite-properties",
                "org.openrewrite:rewrite-xml",
                "org.openrewrite:rewrite-yaml"
            ]
        },
        "org.openrewrite:rewrite-csharp": {
            "locked": "0.17.0",
            "transitive": [
                "org.openrewrite.recipe:rewrite-recipe-bom",
                "org.openrewrite.recipe:rewrite-static-analysis"
            ]
        },
        "org.openrewrite:rewrite-gradle": {
            "locked": "8.42.0",
            "transitive": [
                "org.openrewrite.recipe:rewrite-java-dependencies",
                "org.openrewrite.recipe:rewrite-recipe-bom",
                "org.openrewrite.recipe:rewrite-testing-frameworks"
            ]
        },
        "org.openrewrite:rewrite-groovy": {
            "locked": "8.42.0",
            "transitive": [
                "org.openrewrite.recipe:rewrite-java-dependencies",
                "org.openrewrite.recipe:rewrite-recipe-bom",
                "org.openrewrite.recipe:rewrite-static-analysis",
                "org.openrewrite:rewrite-gradle"
            ]
        },
        "org.openrewrite:rewrite-java": {
            "locked": "8.42.0",
            "transitive": [
                "org.openrewrite.meta:rewrite-analysis",
                "org.openrewrite.recipe:rewrite-logging-frameworks",
                "org.openrewrite.recipe:rewrite-recipe-bom",
                "org.openrewrite.recipe:rewrite-static-analysis",
                "org.openrewrite.recipe:rewrite-testing-frameworks",
                "org.openrewrite:rewrite-csharp",
                "org.openrewrite:rewrite-groovy",
                "org.openrewrite:rewrite-java-17",
                "org.openrewrite:rewrite-kotlin",
                "org.openrewrite:rewrite-maven"
            ]
        },
        "org.openrewrite:rewrite-java-17": {
            "locked": "8.42.0",
            "transitive": [
                "org.openrewrite.recipe:rewrite-java-dependencies",
                "org.openrewrite.recipe:rewrite-logging-frameworks",
                "org.openrewrite.recipe:rewrite-recipe-bom",
                "org.openrewrite.recipe:rewrite-testing-frameworks"
            ]
        },
        "org.openrewrite:rewrite-java-lombok": {
            "locked": "8.42.0",
            "transitive": [
                "org.openrewrite.recipe:rewrite-recipe-bom",
                "org.openrewrite:rewrite-java-17"
            ]
        },
        "org.openrewrite:rewrite-kotlin": {
            "locked": "1.24.0",
            "transitive": [
                "org.openrewrite.recipe:rewrite-recipe-bom",
                "org.openrewrite.recipe:rewrite-static-analysis"
            ]
        },
        "org.openrewrite:rewrite-maven": {
            "locked": "8.42.0",
            "transitive": [
                "org.openrewrite.meta:rewrite-analysis",
                "org.openrewrite.recipe:rewrite-java-dependencies",
                "org.openrewrite.recipe:rewrite-recipe-bom",
                "org.openrewrite.recipe:rewrite-testing-frameworks",
                "org.openrewrite:rewrite-gradle"
            ]
        },
        "org.openrewrite:rewrite-properties": {
            "locked": "8.42.0",
            "transitive": [
                "org.openrewrite.recipe:rewrite-recipe-bom",
                "org.openrewrite:rewrite-gradle",
                "org.openrewrite:rewrite-java",
                "org.openrewrite:rewrite-maven"
            ]
        },
        "org.openrewrite:rewrite-templating": {
            "locked": "1.20.0",
            "transitive": [
                "org.openrewrite.recipe:rewrite-logging-frameworks",
                "org.openrewrite.recipe:rewrite-recipe-bom",
                "org.openrewrite.recipe:rewrite-static-analysis",
                "org.openrewrite.recipe:rewrite-testing-frameworks"
            ]
        },
        "org.openrewrite:rewrite-xml": {
            "locked": "8.42.0",
            "transitive": [
                "org.openrewrite.meta:rewrite-analysis",
                "org.openrewrite.recipe:rewrite-recipe-bom",
                "org.openrewrite:rewrite-java",
                "org.openrewrite:rewrite-maven"
            ]
        },
        "org.openrewrite:rewrite-yaml": {
            "locked": "8.42.0",
            "transitive": [
                "org.openrewrite.meta:rewrite-analysis",
                "org.openrewrite.recipe:rewrite-recipe-bom",
                "org.openrewrite:rewrite-java"
            ]
        },
        "org.ow2.asm:asm": {
            "locked": "9.7.1",
            "transitive": [
                "io.quarkus.gizmo:gizmo",
                "org.openrewrite:rewrite-java",
                "org.openrewrite:rewrite-java-17",
                "org.ow2.asm:asm-tree",
                "org.ow2.asm:asm-util"
            ]
        },
        "org.ow2.asm:asm-analysis": {
            "locked": "9.7.1",
            "transitive": [
                "org.ow2.asm:asm-util"
            ]
        },
        "org.ow2.asm:asm-tree": {
            "locked": "9.7.1",
            "transitive": [
                "org.ow2.asm:asm-analysis",
                "org.ow2.asm:asm-util"
            ]
        },
        "org.ow2.asm:asm-util": {
            "locked": "9.7.1",
            "transitive": [
                "io.quarkus.gizmo:gizmo",
                "org.openrewrite:rewrite-java"
            ]
        },
        "org.projectlombok:lombok": {
            "locked": "1.18.36",
            "transitive": [
                "org.openrewrite:rewrite-java-lombok"
            ]
        },
        "org.rnorth.duct-tape:duct-tape": {
            "locked": "1.0.8",
            "transitive": [
                "org.testcontainers:testcontainers"
            ]
        },
        "org.slf4j:slf4j-api": {
            "locked": "2.1.0-alpha1",
            "transitive": [
                "ch.qos.logback:logback-classic",
                "com.github.docker-java:docker-java-api",
                "com.github.docker-java:docker-java-transport-zerodep",
                "org.openrewrite.recipe:rewrite-logging-frameworks",
                "org.testcontainers:testcontainers"
            ]
        },
        "org.testcontainers:testcontainers": {
            "locked": "1.20.4",
            "transitive": [
                "org.openrewrite.recipe:rewrite-testing-frameworks"
            ]
        },
        "org.xerial.snappy:snappy-java": {
            "locked": "1.1.10.7",
            "transitive": [
                "org.openrewrite:rewrite-java"
            ]
        },
        "org.yaml:snakeyaml": {
            "locked": "2.3",
            "transitive": [
                "org.openrewrite:rewrite-core",
                "org.openrewrite:rewrite-yaml"
            ]
        },
        "tech.picnic.error-prone-support:error-prone-contrib": {
            "locked": "0.19.1",
            "transitive": [
                "org.openrewrite.recipe:rewrite-testing-frameworks"
            ]
        },
        "tech.picnic.error-prone-support:error-prone-utils": {
            "locked": "0.19.1",
            "transitive": [
                "tech.picnic.error-prone-support:error-prone-contrib"
            ]
        },
        "tech.picnic.error-prone-support:refaster-support": {
            "locked": "0.19.1",
            "transitive": [
                "tech.picnic.error-prone-support:error-prone-contrib"
            ]
        }
    }
}