{
    "jmh": {
        "org.openjdk.jmh:jmh-core": {
            "locked": "1.25"
        },
        "org.openjdk.jmh:jmh-generator-bytecode": {
            "locked": "1.25"
        }
    },
    "jmhCompileClasspath": {
        "org.openjdk.jmh:jmh-core": {
            "locked": "1.25"
        },
        "org.openjdk.jmh:jmh-generator-bytecode": {
            "locked": "1.25"
        }
    },
    "jmhRuntimeClasspath": {
        "org.openjdk.jmh:jmh-core": {
            "locked": "1.25"
        },
        "org.openjdk.jmh:jmh-generator-bytecode": {
            "locked": "1.25"
        }
    }
}