{
  "com.google.inject.extensions:guice-assistedinject": { "locked": "4.0", "firstLevelTransitive": [ "com.netflix.zuul:zuul-core", "com.netflix.zuul:zuul-jetty-sample", "com.netflix.zuul:zuul-servletapi", "com.netflix.zuul:zuul-servletapi-sample" ] },
  "com.google.inject.extensions:guice-grapher": { "locked": "4.0", "firstLevelTransitive": [ "com.netflix.zuul:zuul-core", "com.netflix.zuul:zuul-jetty-sample", "com.netflix.zuul:zuul-servletapi", "com.netflix.zuul:zuul-servletapi-sample" ] },
  "com.google.inject.extensions:guice-multibindings": { "locked": "4.0", "firstLevelTransitive": [ "com.netflix.zuul:zuul-core", "com.netflix.zuul:zuul-jetty-sample", "com.netflix.zuul:zuul-servletapi", "com.netflix.zuul:zuul-servletapi-sample" ] },
  "com.google.inject.extensions:guice-servlet": { "locked": "4.0", "firstLevelTransitive": [ "com.netflix.zuul:zuul-core", "com.netflix.zuul:zuul-jetty-sample", "com.netflix.zuul:zuul-servletapi", "com.netflix.zuul:zuul-servletapi-sample" ] },
  "com.google.inject.extensions:guice-throwingproviders": { "locked": "4.0", "firstLevelTransitive": [ "com.netflix.zuul:zuul-core", "com.netflix.zuul:zuul-jetty-sample", "com.netflix.zuul:zuul-servletapi", "com.netflix.zuul:zuul-servletapi-sample" ] },
  "com.google.inject:guice": { "locked": "4.0", "firstLevelTransitive": [ "com.netflix.zuul:zuul-core", "com.netflix.zuul:zuul-jetty-sample", "com.netflix.zuul:zuul-servletapi", "com.netflix.zuul:zuul-servletapi-sample" ] },
  "com.netflix.archaius:archaius-core": { "locked": "0.7.5", "firstLevelTransitive": [ "com.netflix.zuul:zuul-core" ] },
  "com.netflix.astyanax:astyanax-cassandra": { "locked": "1.56.48", "firstLevelTransitive": [ "com.netflix.zuul:zuul-core" ] },
  "com.netflix.astyanax:astyanax-thrift": { "locked": "1.56.48", "firstLevelTransitive": [ "com.netflix.zuul:zuul-core" ] },
  "com.netflix.blitz4j:blitz4j": { "locked": "1.35", "firstLevelTransitive": [ "com.netflix.zuul:zuul-servletapi-sample" ] },
  "com.netflix.eureka:eureka-client": { "locked": "1.3.3", "firstLevelTransitive": [ "com.netflix.zuul:zuul-core" ] },
  "com.netflix.governator:governator": { "locked": "1.8.1", "firstLevelTransitive": [ "com.netflix.zuul:zuul-core" ] },
  "com.netflix.governator:governator-archaius": { "locked": "1.8.1", "firstLevelTransitive": [ "com.netflix.zuul:zuul-core" ] },
  "com.netflix.hystrix:hystrix-core": { "locked": "1.4.26", "firstLevelTransitive": [ "com.netflix.zuul:zuul-core" ] },
  "com.netflix.karyon:karyon-admin": { "locked": "1.0.28", "firstLevelTransitive": [ "com.netflix.zuul:zuul-servletapi-sample" ] },
  "com.netflix.karyon:karyon-admin-web": { "locked": "1.0.28", "firstLevelTransitive": [ "com.netflix.zuul:zuul-servletapi-sample" ] },
  "com.netflix.karyon:karyon-core": { "locked": "1.0.28", "firstLevelTransitive": [ "com.netflix.zuul:zuul-servletapi-sample" ] },
  "com.netflix.karyon:karyon-extensions": { "locked": "1.0.28", "firstLevelTransitive": [ "com.netflix.zuul:zuul-servletapi-sample" ] },
  "com.netflix.ribbon:ribbon-core": { "locked": "2.0.0", "firstLevelTransitive": [ "com.netflix.zuul:zuul-core" ] },
  "com.netflix.ribbon:ribbon-httpclient": { "locked": "2.0.0", "firstLevelTransitive": [ "com.netflix.zuul:zuul-core" ] },
  "com.netflix.servo:servo-core": { "locked": "0.9.4", "firstLevelTransitive": [ "com.netflix.zuul:zuul-core" ] },
  "com.netflix.zuul:zuul-core": { "project": true, "firstLevelTransitive": [ "com.netflix.zuul:zuul-jetty-sample", "com.netflix.zuul:zuul-servletapi", "com.netflix.zuul:zuul-servletapi-sample" ] },
  "com.netflix.zuul:zuul-jetty-sample": { "project": true },
  "com.netflix.zuul:zuul-servletapi": { "project": true, "firstLevelTransitive": [ "com.netflix.zuul:zuul-servletapi-sample" ] },
  "com.netflix.zuul:zuul-servletapi-sample": { "project": true },
  "com.sun.jersey:jersey-client": { "locked": "1.19", "firstLevelTransitive": [ "com.netflix.zuul:zuul-servletapi-sample" ] },
  "com.sun.jersey:jersey-core": { "locked": "1.19", "firstLevelTransitive": [ "com.netflix.zuul:zuul-servletapi-sample" ] },
  "com.sun.jersey:jersey-server": { "locked": "1.19", "firstLevelTransitive": [ "com.netflix.zuul:zuul-servletapi-sample" ] },
  "com.sun.jersey:jersey-servlet": { "locked": "1.19", "firstLevelTransitive": [ "com.netflix.zuul:zuul-servletapi-sample" ] },
  "commons-fileupload:commons-fileupload": { "locked": "1.3", "firstLevelTransitive": [ "com.netflix.zuul:zuul-core" ] },
  "commons-io:commons-io": { "locked": "2.4", "firstLevelTransitive": [ "com.netflix.zuul:zuul-core" ] },
  "io.netty:netty-buffer": { "locked": "4.1.6.Final", "firstLevelTransitive": [ "com.netflix.zuul:zuul-core" ] },
  "io.netty:netty-codec-http": { "locked": "4.1.6.Final", "firstLevelTransitive": [ "com.netflix.zuul:zuul-core" ] },
  "io.reactivex:rxjava": { "locked": "1.2.1", "firstLevelTransitive": [ "com.netflix.zuul:zuul-core" ] },
  "io.reactivex:rxjava-string": { "locked": "1.1.0", "firstLevelTransitive": [ "com.netflix.zuul:zuul-core" ] },
  "junit:junit": { "locked": "4.12", "firstLevelTransitive": [ "com.netflix.zuul:zuul-core", "com.netflix.zuul:zuul-jetty-sample", "com.netflix.zuul:zuul-servletapi", "com.netflix.zuul:zuul-servletapi-sample" ] },
  "org.apache.commons:commons-lang3": { "locked": "3.4", "firstLevelTransitive": [ "com.netflix.zuul:zuul-core" ] },
  "org.apache.xbean:xbean-bundleutils": { "locked": "4.2", "firstLevelTransitive": [ "com.netflix.zuul:zuul-servletapi-sample" ] },
  "org.apache.xbean:xbean-finder": { "locked": "4.2", "firstLevelTransitive": [ "com.netflix.zuul:zuul-servletapi-sample" ] },
  "org.codehaus.groovy:groovy-all": { "locked": "2.3.10", "firstLevelTransitive": [ "com.netflix.zuul:zuul-core", "com.netflix.zuul:zuul-servletapi-sample" ] },
  "org.eclipse.jetty.aggregate:jetty-all": { "locked": "9.3.1.v20150714", "firstLevelTransitive": [ "com.netflix.zuul:zuul-jetty-sample" ] },
  "org.eclipse.jetty.http2:http2-parent": { "locked": "9.3.1.v20150714", "firstLevelTransitive": [ "com.netflix.zuul:zuul-jetty-sample" ] },
  "org.eclipse.jetty:jetty-alpn-client": { "locked": "9.3.1.v20150714", "firstLevelTransitive": [ "com.netflix.zuul:zuul-jetty-sample" ] },
  "org.eclipse.jetty:jetty-alpn-server": { "locked": "9.3.1.v20150714", "firstLevelTransitive": [ "com.netflix.zuul:zuul-jetty-sample" ] },
  "org.json:json": { "locked": "20090211", "firstLevelTransitive": [ "com.netflix.zuul:zuul-core" ] },
  "org.mockito:mockito-all": { "locked": "1.9.5", "firstLevelTransitive": [ "com.netflix.zuul:zuul-core", "com.netflix.zuul:zuul-jetty-sample", "com.netflix.zuul:zuul-servletapi", "com.netflix.zuul:zuul-servletapi-sample" ] },
  "org.mortbay.jetty.alpn:alpn-boot": { "locked": "8.1.3.v20150130", "firstLevelTransitive": [ "com.netflix.zuul:zuul-jetty-sample" ] },
  "org.ow2.asm:asm": { "locked": "5.0.3", "firstLevelTransitive": [ "com.netflix.zuul:zuul-servletapi-sample" ] },
  "org.ow2.asm:asm-all": { "locked": "5.0.3", "firstLevelTransitive": [ "com.netflix.zuul:zuul-servletapi-sample" ] },
  "org.slf4j:slf4j-api": { "locked": "1.7.12", "firstLevelTransitive": [ "com.netflix.zuul:zuul-core" ] }
}
