{
  "com.google.inject.extensions:guice-assistedinject": { "locked": "4.0", "firstLevelTransitive": [ "com.netflix.zuul:zuul-core", "com.netflix.zuul:zuul-jetty-sample", "com.netflix.zuul:zuul-netflix-webapp", "com.netflix.zuul:zuul-netty", "com.netflix.zuul:zuul-netty-sample", "com.netflix.zuul:zuul-servlet-api" ] },
  "com.google.inject.extensions:guice-grapher": { "locked": "4.0", "firstLevelTransitive": [ "com.netflix.zuul:zuul-core", "com.netflix.zuul:zuul-jetty-sample", "com.netflix.zuul:zuul-netflix-webapp", "com.netflix.zuul:zuul-netty", "com.netflix.zuul:zuul-netty-sample", "com.netflix.zuul:zuul-servlet-api" ] },
  "com.google.inject.extensions:guice-multibindings": { "locked": "4.0", "firstLevelTransitive": [ "com.netflix.zuul:zuul-core", "com.netflix.zuul:zuul-jetty-sample", "com.netflix.zuul:zuul-netflix-webapp", "com.netflix.zuul:zuul-netty", "com.netflix.zuul:zuul-netty-sample", "com.netflix.zuul:zuul-servlet-api" ] },
  "com.google.inject.extensions:guice-servlet": { "locked": "4.0", "firstLevelTransitive": [ "com.netflix.zuul:zuul-core", "com.netflix.zuul:zuul-jetty-sample", "com.netflix.zuul:zuul-netflix-webapp", "com.netflix.zuul:zuul-netty", "com.netflix.zuul:zuul-netty-sample", "com.netflix.zuul:zuul-servlet-api" ] },
  "com.google.inject.extensions:guice-throwingproviders": { "locked": "4.0", "firstLevelTransitive": [ "com.netflix.zuul:zuul-core", "com.netflix.zuul:zuul-jetty-sample", "com.netflix.zuul:zuul-netflix-webapp", "com.netflix.zuul:zuul-netty", "com.netflix.zuul:zuul-netty-sample", "com.netflix.zuul:zuul-servlet-api" ] },
  "com.google.inject:guice": { "locked": "4.0", "firstLevelTransitive": [ "com.netflix.zuul:zuul-core", "com.netflix.zuul:zuul-jetty-sample", "com.netflix.zuul:zuul-netflix-webapp", "com.netflix.zuul:zuul-netty", "com.netflix.zuul:zuul-netty-sample", "com.netflix.zuul:zuul-servlet-api" ] },
  "com.netflix.archaius:archaius-core": { "locked": "0.6.5", "firstLevelTransitive": [ "com.netflix.zuul:zuul-core" ] },
  "com.netflix.astyanax:astyanax-cassandra": { "locked": "1.56.48", "firstLevelTransitive": [ "com.netflix.zuul:zuul-core" ] },
  "com.netflix.astyanax:astyanax-thrift": { "locked": "1.56.48", "firstLevelTransitive": [ "com.netflix.zuul:zuul-core" ] },
  "com.netflix.blitz4j:blitz4j": { "locked": "1.35", "firstLevelTransitive": [ "com.netflix.zuul:zuul-netflix-webapp" ] },
  "com.netflix.governator:governator": { "locked": "1.6.0", "firstLevelTransitive": [ "com.netflix.zuul:zuul-core" ] },
  "com.netflix.governator:governator-archaius": { "locked": "1.6.0", "firstLevelTransitive": [ "com.netflix.zuul:zuul-core" ] },
  "com.netflix.hystrix:hystrix-core": { "locked": "1.4.7", "firstLevelTransitive": [ "com.netflix.zuul:zuul-core" ] },
  "com.netflix.karyon:karyon-admin": { "locked": "1.0.27", "firstLevelTransitive": [ "com.netflix.zuul:zuul-netflix-webapp" ] },
  "com.netflix.karyon:karyon-admin-web": { "locked": "1.0.27", "firstLevelTransitive": [ "com.netflix.zuul:zuul-netflix-webapp" ] },
  "com.netflix.karyon:karyon-core": { "locked": "1.0.27", "firstLevelTransitive": [ "com.netflix.zuul:zuul-netflix-webapp" ] },
  "com.netflix.karyon:karyon-extensions": { "locked": "1.0.27", "firstLevelTransitive": [ "com.netflix.zuul:zuul-netflix-webapp" ] },
  "com.netflix.karyon:karyon2-admin-web": { "locked": "2.7.1", "firstLevelTransitive": [ "com.netflix.zuul:zuul-netty" ] },
  "com.netflix.karyon:karyon2-archaius": { "locked": "2.7.1", "firstLevelTransitive": [ "com.netflix.zuul:zuul-netty" ] },
  "com.netflix.karyon:karyon2-core": { "locked": "2.7.1", "firstLevelTransitive": [ "com.netflix.zuul:zuul-netty" ] },
  "com.netflix.karyon:karyon2-eureka": { "locked": "2.7.1", "firstLevelTransitive": [ "com.netflix.zuul:zuul-netty" ] },
  "com.netflix.karyon:karyon2-governator": { "locked": "2.7.1", "firstLevelTransitive": [ "com.netflix.zuul:zuul-netty" ] },
  "com.netflix.karyon:karyon2-servo": { "locked": "2.7.1", "firstLevelTransitive": [ "com.netflix.zuul:zuul-netty" ] },
  "com.netflix.netflix-commons:netflix-commons-util": { "locked": "0.1.1", "firstLevelTransitive": [ "com.netflix.zuul:zuul-core" ] },
  "com.netflix.ribbon:ribbon-core": { "locked": "2.0.0", "firstLevelTransitive": [ "com.netflix.zuul:zuul-core" ] },
  "com.netflix.ribbon:ribbon-eureka": { "locked": "2.0.0", "firstLevelTransitive": [ "com.netflix.zuul:zuul-core" ] },
  "com.netflix.ribbon:ribbon-httpclient": { "locked": "2.0.0", "firstLevelTransitive": [ "com.netflix.zuul:zuul-core" ] },
  "com.netflix.servo:servo-core": { "locked": "0.8.3", "firstLevelTransitive": [ "com.netflix.zuul:zuul-core" ] },
  "com.netflix.turbine:turbine-core": { "locked": "2.0.0-DP.2", "firstLevelTransitive": [ "com.netflix.zuul:zuul-core" ] },
  "com.netflix.zuul:zuul-core": { "project": true, "firstLevelTransitive": [ "com.netflix.zuul:zuul-jetty-sample", "com.netflix.zuul:zuul-netflix-webapp", "com.netflix.zuul:zuul-netty", "com.netflix.zuul:zuul-netty-sample", "com.netflix.zuul:zuul-servlet-api" ] },
  "com.netflix.zuul:zuul-jetty-sample": { "project": true },
  "com.netflix.zuul:zuul-netflix-webapp": { "project": true },
  "com.netflix.zuul:zuul-netty": { "project": true, "firstLevelTransitive": [ "com.netflix.zuul:zuul-netty-sample" ] },
  "com.netflix.zuul:zuul-netty-sample": { "project": true },
  "com.netflix.zuul:zuul-servlet-api": { "project": true, "firstLevelTransitive": [ "com.netflix.zuul:zuul-netflix-webapp" ] },
  "com.sun.jersey:jersey-client": { "locked": "1.19", "firstLevelTransitive": [ "com.netflix.zuul:zuul-netflix-webapp" ] },
  "com.sun.jersey:jersey-core": { "locked": "1.19", "firstLevelTransitive": [ "com.netflix.zuul:zuul-netflix-webapp" ] },
  "com.sun.jersey:jersey-server": { "locked": "1.19", "firstLevelTransitive": [ "com.netflix.zuul:zuul-netflix-webapp" ] },
  "com.sun.jersey:jersey-servlet": { "locked": "1.19", "firstLevelTransitive": [ "com.netflix.zuul:zuul-netflix-webapp" ] },
  "commons-fileupload:commons-fileupload": { "locked": "1.3", "firstLevelTransitive": [ "com.netflix.zuul:zuul-core" ] },
  "commons-io:commons-io": { "locked": "2.4", "firstLevelTransitive": [ "com.netflix.zuul:zuul-core" ] },
  "io.netty:netty-buffer": { "locked": "4.0.28.Final", "firstLevelTransitive": [ "com.netflix.zuul:zuul-core" ] },
  "io.netty:netty-codec": { "locked": "4.0.28.Final", "firstLevelTransitive": [ "com.netflix.zuul:zuul-core" ] },
  "io.netty:netty-common": { "locked": "4.0.28.Final", "firstLevelTransitive": [ "com.netflix.zuul:zuul-core" ] },
  "io.netty:netty-transport": { "locked": "4.0.28.Final", "firstLevelTransitive": [ "com.netflix.zuul:zuul-core" ] },
  "io.netty:netty-transport-native-epoll": { "locked": "4.0.28.Final", "firstLevelTransitive": [ "com.netflix.zuul:zuul-core" ] },
  "io.reactivex:rxjava-string": { "locked": "1.0.0", "firstLevelTransitive": [ "com.netflix.zuul:zuul-core" ] },
  "io.reactivex:rxnetty-spectator": { "locked": "0.4.10", "firstLevelTransitive": [ "com.netflix.zuul:zuul-netty-sample" ] },
  "junit:junit-dep": { "locked": "4.10", "firstLevelTransitive": [ "com.netflix.zuul:zuul-core", "com.netflix.zuul:zuul-netflix-webapp", "com.netflix.zuul:zuul-netty-sample" ] },
  "org.apache.xbean:xbean-bundleutils": { "locked": "3.17", "firstLevelTransitive": [ "com.netflix.zuul:zuul-netflix-webapp" ] },
  "org.apache.xbean:xbean-finder": { "locked": "3.17", "firstLevelTransitive": [ "com.netflix.zuul:zuul-netflix-webapp" ] },
  "org.codehaus.groovy:groovy-all": { "locked": "2.3.10", "firstLevelTransitive": [ "com.netflix.zuul:zuul-core", "com.netflix.zuul:zuul-netflix-webapp", "com.netflix.zuul:zuul-netty-sample" ] },
  "org.eclipse.jetty.aggregate:jetty-all": { "locked": "9.3.0.RC1", "firstLevelTransitive": [ "com.netflix.zuul:zuul-jetty-sample" ] },
  "org.eclipse.jetty:jetty-alpn-client": { "locked": "9.3.0.RC1", "firstLevelTransitive": [ "com.netflix.zuul:zuul-jetty-sample" ] },
  "org.eclipse.jetty:jetty-alpn-server": { "locked": "9.3.0.RC1", "firstLevelTransitive": [ "com.netflix.zuul:zuul-jetty-sample" ] },
  "org.json:json": { "locked": "20090211", "firstLevelTransitive": [ "com.netflix.zuul:zuul-core" ] },
  "org.mockito:mockito-all": { "locked": "1.9.5", "firstLevelTransitive": [ "com.netflix.zuul:zuul-core" ] },
  "org.mortbay.jetty.alpn:alpn-boot": { "locked": "8.1.3.v20150130", "firstLevelTransitive": [ "com.netflix.zuul:zuul-jetty-sample" ] },
  "org.ow2.asm:asm": { "locked": "5.0.3", "firstLevelTransitive": [ "com.netflix.zuul:zuul-netflix-webapp" ] },
  "org.ow2.asm:asm-all": { "locked": "5.0.3", "firstLevelTransitive": [ "com.netflix.zuul:zuul-netflix-webapp" ] },
  "org.powermock:powermock-api-mockito": { "locked": "1.5.4", "firstLevelTransitive": [ "com.netflix.zuul:zuul-core" ] },
  "org.slf4j:slf4j-api": { "locked": "1.7.7", "firstLevelTransitive": [ "com.netflix.zuul:zuul-core" ] }
}
