{
    "annotationProcessor": {
        "com.fasterxml.jackson.core:jackson-core": {
            "firstLevelTransitive": [
                "com.netflix.zuul:zuul-core"
            ],
            "locked": "2.19.2"
        },
        "com.fasterxml.jackson.core:jackson-databind": {
            "firstLevelTransitive": [
                "com.netflix.zuul:zuul-core"
            ],
            "locked": "2.19.2"
        },
        "com.google.errorprone:error_prone_core": {
            "locked": "2.36.0"
        },
        "com.google.guava:guava": {
            "firstLevelTransitive": [
                "com.netflix.zuul:zuul-core",
                "com.netflix.zuul:zuul-discovery",
                "com.netflix.zuul:zuul-processor"
            ],
            "locked": "33.3.0-jre"
        },
        "com.netflix.archaius:archaius-core": {
            "firstLevelTransitive": [
                "com.netflix.zuul:zuul-core"
            ],
            "locked": "0.7.12"
        },
        "com.netflix.eureka:eureka-client": {
            "firstLevelTransitive": [
                "com.netflix.zuul:zuul-core",
                "com.netflix.zuul:zuul-discovery"
            ],
            "locked": "2.0.4"
        },
        "com.netflix.netflix-commons:netflix-commons-util": {
            "firstLevelTransitive": [
                "com.netflix.zuul:zuul-core"
            ],
            "locked": "0.3.0"
        },
        "com.netflix.ribbon:ribbon-archaius": {
            "firstLevelTransitive": [
                "com.netflix.zuul:zuul-core",
                "com.netflix.zuul:zuul-discovery"
            ],
            "locked": "2.4.4"
        },
        "com.netflix.ribbon:ribbon-core": {
            "firstLevelTransitive": [
                "com.netflix.zuul:zuul-core",
                "com.netflix.zuul:zuul-discovery"
            ],
            "locked": "2.4.4"
        },
        "com.netflix.ribbon:ribbon-eureka": {
            "firstLevelTransitive": [
                "com.netflix.zuul:zuul-discovery"
            ],
            "locked": "2.4.4"
        },
        "com.netflix.ribbon:ribbon-loadbalancer": {
            "firstLevelTransitive": [
                "com.netflix.zuul:zuul-discovery"
            ],
            "locked": "2.4.4"
        },
        "com.netflix.servo:servo-core": {
            "firstLevelTransitive": [
                "com.netflix.zuul:zuul-discovery"
            ],
            "locked": "0.13.2"
        },
        "com.netflix.spectator:spectator-api": {
            "firstLevelTransitive": [
                "com.netflix.zuul:zuul-core"
            ],
            "locked": "1.9.0"
        },
        "com.netflix.zuul:zuul-core": {
            "firstLevelTransitive": [
                "com.netflix.zuul:zuul-processor"
            ],
            "project": true
        },
        "com.netflix.zuul:zuul-discovery": {
            "firstLevelTransitive": [
                "com.netflix.zuul:zuul-core"
            ],
            "project": true
        },
        "com.netflix.zuul:zuul-processor": {
            "project": true
        },
        "com.uber.nullaway:nullaway": {
            "locked": "0.12.4"
        },
        "io.netty:netty-bom": {
            "firstLevelTransitive": [
                "com.netflix.zuul:zuul-core"
            ],
            "locked": "4.2.6.Final"
        },
        "io.netty:netty-buffer": {
            "firstLevelTransitive": [
                "com.netflix.zuul:zuul-core"
            ],
            "locked": "4.2.6.Final"
        },
        "io.netty:netty-codec-haproxy": {
            "firstLevelTransitive": [
                "com.netflix.zuul:zuul-core"
            ],
            "locked": "4.2.6.Final"
        },
        "io.netty:netty-codec-http": {
            "firstLevelTransitive": [
                "com.netflix.zuul:zuul-core"
            ],
            "locked": "4.2.6.Final"
        },
        "io.netty:netty-codec-http2": {
            "firstLevelTransitive": [
                "com.netflix.zuul:zuul-core"
            ],
            "locked": "4.2.6.Final"
        },
        "io.netty:netty-common": {
            "firstLevelTransitive": [
                "com.netflix.zuul:zuul-core"
            ],
            "locked": "4.2.6.Final"
        },
        "io.netty:netty-handler": {
            "firstLevelTransitive": [
                "com.netflix.zuul:zuul-core"
            ],
            "locked": "4.2.6.Final"
        },
        "io.netty:netty-tcnative-boringssl-static": {
            "firstLevelTransitive": [
                "com.netflix.zuul:zuul-core"
            ],
            "locked": "2.0.73.Final"
        },
        "io.netty:netty-transport": {
            "firstLevelTransitive": [
                "com.netflix.zuul:zuul-core"
            ],
            "locked": "4.2.6.Final"
        },
        "io.netty:netty-transport-native-epoll": {
            "firstLevelTransitive": [
                "com.netflix.zuul:zuul-core"
            ],
            "locked": "4.2.6.Final"
        },
        "io.netty:netty-transport-native-io_uring": {
            "firstLevelTransitive": [
                "com.netflix.zuul:zuul-core"
            ],
            "locked": "4.2.6.Final"
        },
        "io.netty:netty-transport-native-kqueue": {
            "firstLevelTransitive": [
                "com.netflix.zuul:zuul-core"
            ],
            "locked": "4.2.6.Final"
        },
        "io.perfmark:perfmark-api": {
            "firstLevelTransitive": [
                "com.netflix.zuul:zuul-core"
            ],
            "locked": "0.27.0"
        },
        "io.reactivex:rxjava": {
            "firstLevelTransitive": [
                "com.netflix.zuul:zuul-core"
            ],
            "locked": "1.3.8"
        },
        "jakarta.inject:jakarta.inject-api": {
            "firstLevelTransitive": [
                "com.netflix.zuul:zuul-core"
            ],
            "locked": "2.0.1"
        },
        "org.bouncycastle:bcpkix-jdk18on": {
            "firstLevelTransitive": [
                "com.netflix.zuul:zuul-core"
            ],
            "locked": "1.78.1"
        },
        "org.bouncycastle:bcprov-jdk18on": {
            "firstLevelTransitive": [
                "com.netflix.zuul:zuul-core"
            ],
            "locked": "1.78.1"
        },
        "org.bouncycastle:bctls-jdk18on": {
            "firstLevelTransitive": [
                "com.netflix.zuul:zuul-core"
            ],
            "locked": "1.78.1"
        },
        "org.slf4j:slf4j-api": {
            "firstLevelTransitive": [
                "com.netflix.zuul:zuul-core",
                "com.netflix.zuul:zuul-discovery"
            ],
            "locked": "2.0.16"
        }
    },
    "compileClasspath": {
        "com.fasterxml.jackson.core:jackson-databind": {
            "firstLevelTransitive": [
                "com.netflix.zuul:zuul-core"
            ],
            "locked": "2.19.2"
        },
        "com.netflix.archaius:archaius-core": {
            "firstLevelTransitive": [
                "com.netflix.zuul:zuul-core"
            ],
            "locked": "0.7.12"
        },
        "com.netflix.eureka:eureka-client": {
            "firstLevelTransitive": [
                "com.netflix.zuul:zuul-core"
            ],
            "locked": "2.0.4"
        },
        "com.netflix.netflix-commons:netflix-commons-util": {
            "firstLevelTransitive": [
                "com.netflix.zuul:zuul-core"
            ],
            "locked": "0.3.0"
        },
        "com.netflix.ribbon:ribbon-archaius": {
            "firstLevelTransitive": [
                "com.netflix.zuul:zuul-core"
            ],
            "locked": "2.4.4"
        },
        "com.netflix.ribbon:ribbon-core": {
            "firstLevelTransitive": [
                "com.netflix.zuul:zuul-core"
            ],
            "locked": "2.4.4"
        },
        "com.netflix.ribbon:ribbon-eureka": {
            "locked": "2.4.4"
        },
        "com.netflix.ribbon:ribbon-loadbalancer": {
            "firstLevelTransitive": [
                "com.netflix.zuul:zuul-discovery"
            ],
            "locked": "2.4.4"
        },
        "com.netflix.servo:servo-core": {
            "firstLevelTransitive": [
                "com.netflix.zuul:zuul-discovery"
            ],
            "locked": "0.13.2"
        },
        "com.netflix.spectator:spectator-api": {
            "firstLevelTransitive": [
                "com.netflix.zuul:zuul-core"
            ],
            "locked": "1.9.0"
        },
        "com.netflix.zuul:zuul-core": {
            "project": true
        },
        "com.netflix.zuul:zuul-discovery": {
            "firstLevelTransitive": [
                "com.netflix.zuul:zuul-core"
            ],
            "project": true
        },
        "commons-configuration:commons-configuration": {
            "locked": "1.10"
        },
        "io.netty:netty-bom": {
            "firstLevelTransitive": [
                "com.netflix.zuul:zuul-core"
            ],
            "locked": "4.2.6.Final"
        },
        "io.netty:netty-buffer": {
            "firstLevelTransitive": [
                "com.netflix.zuul:zuul-core"
            ],
            "locked": "4.2.6.Final"
        },
        "io.netty:netty-codec-http": {
            "firstLevelTransitive": [
                "com.netflix.zuul:zuul-core"
            ],
            "locked": "4.2.6.Final"
        },
        "io.netty:netty-codec-http2": {
            "firstLevelTransitive": [
                "com.netflix.zuul:zuul-core"
            ],
            "locked": "4.2.6.Final"
        },
        "io.netty:netty-common": {
            "firstLevelTransitive": [
                "com.netflix.zuul:zuul-core"
            ],
            "locked": "4.2.6.Final"
        },
        "io.netty:netty-handler": {
            "firstLevelTransitive": [
                "com.netflix.zuul:zuul-core"
            ],
            "locked": "4.2.6.Final"
        },
        "io.netty:netty-transport": {
            "firstLevelTransitive": [
                "com.netflix.zuul:zuul-core"
            ],
            "locked": "4.2.6.Final"
        },
        "io.netty:netty-transport-classes-epoll": {
            "locked": "4.2.6.Final"
        },
        "io.reactivex:rxjava": {
            "firstLevelTransitive": [
                "com.netflix.zuul:zuul-core"
            ],
            "locked": "1.3.8"
        },
        "jakarta.inject:jakarta.inject-api": {
            "firstLevelTransitive": [
                "com.netflix.zuul:zuul-core"
            ],
            "locked": "2.0.1"
        },
        "org.slf4j:slf4j-api": {
            "firstLevelTransitive": [
                "com.netflix.zuul:zuul-core"
            ],
            "locked": "2.0.16"
        }
    },
    "errorproneJavac": {
        "com.google.errorprone:javac": {
            "locked": "9+181-r4173-1"
        }
    },
    "jmh": {
        "org.openjdk.jmh:jmh-core": {
            "locked": "1.36"
        },
        "org.openjdk.jmh:jmh-generator-bytecode": {
            "locked": "1.36"
        }
    },
    "jmhAnnotationProcessor": {
        "com.google.errorprone:error_prone_core": {
            "locked": "2.36.0"
        },
        "com.uber.nullaway:nullaway": {
            "locked": "0.12.4"
        }
    },
    "jmhCompileClasspath": {
        "com.fasterxml.jackson.core:jackson-databind": {
            "firstLevelTransitive": [
                "com.netflix.zuul:zuul-core"
            ],
            "locked": "2.19.2"
        },
        "com.netflix.archaius:archaius-core": {
            "firstLevelTransitive": [
                "com.netflix.zuul:zuul-core"
            ],
            "locked": "0.7.12"
        },
        "com.netflix.eureka:eureka-client": {
            "firstLevelTransitive": [
                "com.netflix.zuul:zuul-core"
            ],
            "locked": "2.0.4"
        },
        "com.netflix.netflix-commons:netflix-commons-util": {
            "firstLevelTransitive": [
                "com.netflix.zuul:zuul-core"
            ],
            "locked": "0.3.0"
        },
        "com.netflix.ribbon:ribbon-archaius": {
            "firstLevelTransitive": [
                "com.netflix.zuul:zuul-core"
            ],
            "locked": "2.4.4"
        },
        "com.netflix.ribbon:ribbon-core": {
            "firstLevelTransitive": [
                "com.netflix.zuul:zuul-core"
            ],
            "locked": "2.4.4"
        },
        "com.netflix.ribbon:ribbon-eureka": {
            "locked": "2.4.4"
        },
        "com.netflix.ribbon:ribbon-loadbalancer": {
            "firstLevelTransitive": [
                "com.netflix.zuul:zuul-discovery"
            ],
            "locked": "2.4.4"
        },
        "com.netflix.servo:servo-core": {
            "firstLevelTransitive": [
                "com.netflix.zuul:zuul-discovery"
            ],
            "locked": "0.13.2"
        },
        "com.netflix.spectator:spectator-api": {
            "firstLevelTransitive": [
                "com.netflix.zuul:zuul-core"
            ],
            "locked": "1.9.0"
        },
        "com.netflix.zuul:zuul-core": {
            "project": true
        },
        "com.netflix.zuul:zuul-discovery": {
            "firstLevelTransitive": [
                "com.netflix.zuul:zuul-core"
            ],
            "project": true
        },
        "commons-configuration:commons-configuration": {
            "locked": "1.10"
        },
        "io.netty:netty-bom": {
            "firstLevelTransitive": [
                "com.netflix.zuul:zuul-core"
            ],
            "locked": "4.2.6.Final"
        },
        "io.netty:netty-buffer": {
            "firstLevelTransitive": [
                "com.netflix.zuul:zuul-core"
            ],
            "locked": "4.2.6.Final"
        },
        "io.netty:netty-codec-http": {
            "firstLevelTransitive": [
                "com.netflix.zuul:zuul-core"
            ],
            "locked": "4.2.6.Final"
        },
        "io.netty:netty-codec-http2": {
            "firstLevelTransitive": [
                "com.netflix.zuul:zuul-core"
            ],
            "locked": "4.2.6.Final"
        },
        "io.netty:netty-common": {
            "firstLevelTransitive": [
                "com.netflix.zuul:zuul-core"
            ],
            "locked": "4.2.6.Final"
        },
        "io.netty:netty-handler": {
            "firstLevelTransitive": [
                "com.netflix.zuul:zuul-core"
            ],
            "locked": "4.2.6.Final"
        },
        "io.netty:netty-transport": {
            "firstLevelTransitive": [
                "com.netflix.zuul:zuul-core"
            ],
            "locked": "4.2.6.Final"
        },
        "io.netty:netty-transport-classes-epoll": {
            "locked": "4.2.6.Final"
        },
        "io.reactivex:rxjava": {
            "firstLevelTransitive": [
                "com.netflix.zuul:zuul-core"
            ],
            "locked": "1.3.8"
        },
        "jakarta.inject:jakarta.inject-api": {
            "firstLevelTransitive": [
                "com.netflix.zuul:zuul-core"
            ],
            "locked": "2.0.1"
        },
        "org.openjdk.jmh:jmh-core": {
            "locked": "1.36"
        },
        "org.openjdk.jmh:jmh-generator-bytecode": {
            "locked": "1.36"
        },
        "org.slf4j:slf4j-api": {
            "firstLevelTransitive": [
                "com.netflix.zuul:zuul-core"
            ],
            "locked": "2.0.16"
        }
    },
    "jmhRuntimeClasspath": {
        "com.aayushatharva.brotli4j:brotli4j": {
            "locked": "1.16.0"
        },
        "com.aayushatharva.brotli4j:native-linux-aarch64": {
            "locked": "1.16.0"
        },
        "com.aayushatharva.brotli4j:native-linux-x86_64": {
            "locked": "1.16.0"
        },
        "com.aayushatharva.brotli4j:native-osx-aarch64": {
            "locked": "1.16.0"
        },
        "com.aayushatharva.brotli4j:native-osx-x86_64": {
            "locked": "1.16.0"
        },
        "com.fasterxml.jackson.core:jackson-core": {
            "firstLevelTransitive": [
                "com.netflix.zuul:zuul-core"
            ],
            "locked": "2.19.2"
        },
        "com.fasterxml.jackson.core:jackson-databind": {
            "firstLevelTransitive": [
                "com.netflix.zuul:zuul-core"
            ],
            "locked": "2.19.2"
        },
        "com.google.guava:guava": {
            "firstLevelTransitive": [
                "com.netflix.zuul:zuul-core",
                "com.netflix.zuul:zuul-discovery"
            ],
            "locked": "33.3.1-jre"
        },
        "com.google.truth:truth": {
            "locked": "1.4.4"
        },
        "com.netflix.archaius:archaius-core": {
            "firstLevelTransitive": [
                "com.netflix.zuul:zuul-core"
            ],
            "locked": "0.7.12"
        },
        "com.netflix.eureka:eureka-client": {
            "firstLevelTransitive": [
                "com.netflix.zuul:zuul-core",
                "com.netflix.zuul:zuul-discovery"
            ],
            "locked": "2.0.4"
        },
        "com.netflix.netflix-commons:netflix-commons-util": {
            "firstLevelTransitive": [
                "com.netflix.zuul:zuul-core"
            ],
            "locked": "0.3.0"
        },
        "com.netflix.ribbon:ribbon-archaius": {
            "firstLevelTransitive": [
                "com.netflix.zuul:zuul-core",
                "com.netflix.zuul:zuul-discovery"
            ],
            "locked": "2.4.4"
        },
        "com.netflix.ribbon:ribbon-core": {
            "firstLevelTransitive": [
                "com.netflix.zuul:zuul-core",
                "com.netflix.zuul:zuul-discovery"
            ],
            "locked": "2.4.4"
        },
        "com.netflix.ribbon:ribbon-eureka": {
            "firstLevelTransitive": [
                "com.netflix.zuul:zuul-discovery"
            ],
            "locked": "2.4.4"
        },
        "com.netflix.ribbon:ribbon-loadbalancer": {
            "firstLevelTransitive": [
                "com.netflix.zuul:zuul-discovery"
            ],
            "locked": "2.4.4"
        },
        "com.netflix.servo:servo-core": {
            "firstLevelTransitive": [
                "com.netflix.zuul:zuul-discovery"
            ],
            "locked": "0.13.2"
        },
        "com.netflix.spectator:spectator-api": {
            "firstLevelTransitive": [
                "com.netflix.zuul:zuul-core"
            ],
            "locked": "1.9.0"
        },
        "com.netflix.zuul:zuul-core": {
            "project": true
        },
        "com.netflix.zuul:zuul-discovery": {
            "firstLevelTransitive": [
                "com.netflix.zuul:zuul-core"
            ],
            "project": true
        },
        "com.squareup.okhttp3:okhttp": {
            "locked": "4.12.0"
        },
        "commons-configuration:commons-configuration": {
            "locked": "1.10"
        },
        "io.netty:netty-bom": {
            "firstLevelTransitive": [
                "com.netflix.zuul:zuul-core"
            ],
            "locked": "4.2.6.Final"
        },
        "io.netty:netty-buffer": {
            "firstLevelTransitive": [
                "com.netflix.zuul:zuul-core"
            ],
            "locked": "4.2.6.Final"
        },
        "io.netty:netty-codec-haproxy": {
            "firstLevelTransitive": [
                "com.netflix.zuul:zuul-core"
            ],
            "locked": "4.2.6.Final"
        },
        "io.netty:netty-codec-http": {
            "firstLevelTransitive": [
                "com.netflix.zuul:zuul-core"
            ],
            "locked": "4.2.6.Final"
        },
        "io.netty:netty-codec-http2": {
            "firstLevelTransitive": [
                "com.netflix.zuul:zuul-core"
            ],
            "locked": "4.2.6.Final"
        },
        "io.netty:netty-common": {
            "firstLevelTransitive": [
                "com.netflix.zuul:zuul-core"
            ],
            "locked": "4.2.6.Final"
        },
        "io.netty:netty-handler": {
            "firstLevelTransitive": [
                "com.netflix.zuul:zuul-core"
            ],
            "locked": "4.2.6.Final"
        },
        "io.netty:netty-tcnative-boringssl-static": {
            "firstLevelTransitive": [
                "com.netflix.zuul:zuul-core"
            ],
            "locked": "2.0.73.Final"
        },
        "io.netty:netty-transport": {
            "firstLevelTransitive": [
                "com.netflix.zuul:zuul-core"
            ],
            "locked": "4.2.6.Final"
        },
        "io.netty:netty-transport-classes-epoll": {
            "locked": "4.2.6.Final"
        },
        "io.netty:netty-transport-native-epoll": {
            "firstLevelTransitive": [
                "com.netflix.zuul:zuul-core"
            ],
            "locked": "4.2.6.Final"
        },
        "io.netty:netty-transport-native-io_uring": {
            "firstLevelTransitive": [
                "com.netflix.zuul:zuul-core"
            ],
            "locked": "4.2.6.Final"
        },
        "io.netty:netty-transport-native-kqueue": {
            "firstLevelTransitive": [
                "com.netflix.zuul:zuul-core"
            ],
            "locked": "4.2.6.Final"
        },
        "io.perfmark:perfmark-api": {
            "firstLevelTransitive": [
                "com.netflix.zuul:zuul-core"
            ],
            "locked": "0.27.0"
        },
        "io.reactivex:rxjava": {
            "firstLevelTransitive": [
                "com.netflix.zuul:zuul-core"
            ],
            "locked": "1.3.8"
        },
        "jakarta.inject:jakarta.inject-api": {
            "firstLevelTransitive": [
                "com.netflix.zuul:zuul-core"
            ],
            "locked": "2.0.1"
        },
        "javax.servlet:javax.servlet-api": {
            "locked": "4.0.1"
        },
        "org.apache.commons:commons-lang3": {
            "locked": "3.18.0"
        },
        "org.apache.logging.log4j:log4j-core": {
            "locked": "2.24.3"
        },
        "org.apache.logging.log4j:log4j-slf4j2-impl": {
            "locked": "2.24.3"
        },
        "org.bouncycastle:bcpkix-jdk18on": {
            "firstLevelTransitive": [
                "com.netflix.zuul:zuul-core"
            ],
            "locked": "1.78.1"
        },
        "org.bouncycastle:bcprov-jdk18on": {
            "firstLevelTransitive": [
                "com.netflix.zuul:zuul-core"
            ],
            "locked": "1.78.1"
        },
        "org.bouncycastle:bctls-jdk18on": {
            "firstLevelTransitive": [
                "com.netflix.zuul:zuul-core"
            ],
            "locked": "1.78.1"
        },
        "org.junit.jupiter:junit-jupiter-api": {
            "locked": "5.13.4"
        },
        "org.junit.jupiter:junit-jupiter-engine": {
            "locked": "5.13.4"
        },
        "org.junit.jupiter:junit-jupiter-params": {
            "locked": "5.13.4"
        },
        "org.junit.platform:junit-platform-launcher": {
            "locked": "1.13.4"
        },
        "org.mockito:mockito-junit-jupiter": {
            "locked": "5.13.0"
        },
        "org.openjdk.jmh:jmh-core": {
            "locked": "1.36"
        },
        "org.openjdk.jmh:jmh-generator-bytecode": {
            "locked": "1.36"
        },
        "org.slf4j:slf4j-api": {
            "firstLevelTransitive": [
                "com.netflix.zuul:zuul-core",
                "com.netflix.zuul:zuul-discovery"
            ],
            "locked": "2.0.16"
        },
        "org.wiremock:wiremock": {
            "locked": "3.10.0"
        }
    },
    "runtimeClasspath": {
        "com.fasterxml.jackson.core:jackson-core": {
            "firstLevelTransitive": [
                "com.netflix.zuul:zuul-core"
            ],
            "locked": "2.19.2"
        },
        "com.fasterxml.jackson.core:jackson-databind": {
            "firstLevelTransitive": [
                "com.netflix.zuul:zuul-core"
            ],
            "locked": "2.19.2"
        },
        "com.google.guava:guava": {
            "firstLevelTransitive": [
                "com.netflix.zuul:zuul-core",
                "com.netflix.zuul:zuul-discovery"
            ],
            "locked": "33.3.0-jre"
        },
        "com.netflix.archaius:archaius-core": {
            "firstLevelTransitive": [
                "com.netflix.zuul:zuul-core"
            ],
            "locked": "0.7.12"
        },
        "com.netflix.eureka:eureka-client": {
            "firstLevelTransitive": [
                "com.netflix.zuul:zuul-core",
                "com.netflix.zuul:zuul-discovery"
            ],
            "locked": "2.0.4"
        },
        "com.netflix.netflix-commons:netflix-commons-util": {
            "firstLevelTransitive": [
                "com.netflix.zuul:zuul-core"
            ],
            "locked": "0.3.0"
        },
        "com.netflix.ribbon:ribbon-archaius": {
            "firstLevelTransitive": [
                "com.netflix.zuul:zuul-core",
                "com.netflix.zuul:zuul-discovery"
            ],
            "locked": "2.4.4"
        },
        "com.netflix.ribbon:ribbon-core": {
            "firstLevelTransitive": [
                "com.netflix.zuul:zuul-core",
                "com.netflix.zuul:zuul-discovery"
            ],
            "locked": "2.4.4"
        },
        "com.netflix.ribbon:ribbon-eureka": {
            "firstLevelTransitive": [
                "com.netflix.zuul:zuul-discovery"
            ],
            "locked": "2.4.4"
        },
        "com.netflix.ribbon:ribbon-loadbalancer": {
            "firstLevelTransitive": [
                "com.netflix.zuul:zuul-discovery"
            ],
            "locked": "2.4.4"
        },
        "com.netflix.servo:servo-core": {
            "firstLevelTransitive": [
                "com.netflix.zuul:zuul-discovery"
            ],
            "locked": "0.13.2"
        },
        "com.netflix.spectator:spectator-api": {
            "firstLevelTransitive": [
                "com.netflix.zuul:zuul-core"
            ],
            "locked": "1.9.0"
        },
        "com.netflix.zuul:zuul-core": {
            "project": true
        },
        "com.netflix.zuul:zuul-discovery": {
            "firstLevelTransitive": [
                "com.netflix.zuul:zuul-core"
            ],
            "project": true
        },
        "commons-configuration:commons-configuration": {
            "locked": "1.10"
        },
        "io.netty:netty-bom": {
            "firstLevelTransitive": [
                "com.netflix.zuul:zuul-core"
            ],
            "locked": "4.2.6.Final"
        },
        "io.netty:netty-buffer": {
            "firstLevelTransitive": [
                "com.netflix.zuul:zuul-core"
            ],
            "locked": "4.2.6.Final"
        },
        "io.netty:netty-codec-haproxy": {
            "firstLevelTransitive": [
                "com.netflix.zuul:zuul-core"
            ],
            "locked": "4.2.6.Final"
        },
        "io.netty:netty-codec-http": {
            "firstLevelTransitive": [
                "com.netflix.zuul:zuul-core"
            ],
            "locked": "4.2.6.Final"
        },
        "io.netty:netty-codec-http2": {
            "firstLevelTransitive": [
                "com.netflix.zuul:zuul-core"
            ],
            "locked": "4.2.6.Final"
        },
        "io.netty:netty-common": {
            "firstLevelTransitive": [
                "com.netflix.zuul:zuul-core"
            ],
            "locked": "4.2.6.Final"
        },
        "io.netty:netty-handler": {
            "firstLevelTransitive": [
                "com.netflix.zuul:zuul-core"
            ],
            "locked": "4.2.6.Final"
        },
        "io.netty:netty-tcnative-boringssl-static": {
            "firstLevelTransitive": [
                "com.netflix.zuul:zuul-core"
            ],
            "locked": "2.0.73.Final"
        },
        "io.netty:netty-transport": {
            "firstLevelTransitive": [
                "com.netflix.zuul:zuul-core"
            ],
            "locked": "4.2.6.Final"
        },
        "io.netty:netty-transport-classes-epoll": {
            "locked": "4.2.6.Final"
        },
        "io.netty:netty-transport-native-epoll": {
            "firstLevelTransitive": [
                "com.netflix.zuul:zuul-core"
            ],
            "locked": "4.2.6.Final"
        },
        "io.netty:netty-transport-native-io_uring": {
            "firstLevelTransitive": [
                "com.netflix.zuul:zuul-core"
            ],
            "locked": "4.2.6.Final"
        },
        "io.netty:netty-transport-native-kqueue": {
            "firstLevelTransitive": [
                "com.netflix.zuul:zuul-core"
            ],
            "locked": "4.2.6.Final"
        },
        "io.perfmark:perfmark-api": {
            "firstLevelTransitive": [
                "com.netflix.zuul:zuul-core"
            ],
            "locked": "0.27.0"
        },
        "io.reactivex:rxjava": {
            "firstLevelTransitive": [
                "com.netflix.zuul:zuul-core"
            ],
            "locked": "1.3.8"
        },
        "jakarta.inject:jakarta.inject-api": {
            "firstLevelTransitive": [
                "com.netflix.zuul:zuul-core"
            ],
            "locked": "2.0.1"
        },
        "org.bouncycastle:bcpkix-jdk18on": {
            "firstLevelTransitive": [
                "com.netflix.zuul:zuul-core"
            ],
            "locked": "1.78.1"
        },
        "org.bouncycastle:bcprov-jdk18on": {
            "firstLevelTransitive": [
                "com.netflix.zuul:zuul-core"
            ],
            "locked": "1.78.1"
        },
        "org.bouncycastle:bctls-jdk18on": {
            "firstLevelTransitive": [
                "com.netflix.zuul:zuul-core"
            ],
            "locked": "1.78.1"
        },
        "org.slf4j:slf4j-api": {
            "firstLevelTransitive": [
                "com.netflix.zuul:zuul-core",
                "com.netflix.zuul:zuul-discovery"
            ],
            "locked": "2.0.16"
        }
    },
    "testAnnotationProcessor": {
        "com.google.errorprone:error_prone_core": {
            "locked": "2.36.0"
        },
        "com.uber.nullaway:nullaway": {
            "locked": "0.12.4"
        }
    },
    "testCompileClasspath": {
        "com.aayushatharva.brotli4j:brotli4j": {
            "locked": "1.16.0"
        },
        "com.fasterxml.jackson.core:jackson-databind": {
            "firstLevelTransitive": [
                "com.netflix.zuul:zuul-core"
            ],
            "locked": "2.19.2"
        },
        "com.google.truth:truth": {
            "locked": "1.4.4"
        },
        "com.netflix.archaius:archaius-core": {
            "firstLevelTransitive": [
                "com.netflix.zuul:zuul-core"
            ],
            "locked": "0.7.12"
        },
        "com.netflix.eureka:eureka-client": {
            "firstLevelTransitive": [
                "com.netflix.zuul:zuul-core"
            ],
            "locked": "2.0.4"
        },
        "com.netflix.netflix-commons:netflix-commons-util": {
            "firstLevelTransitive": [
                "com.netflix.zuul:zuul-core"
            ],
            "locked": "0.3.0"
        },
        "com.netflix.ribbon:ribbon-archaius": {
            "firstLevelTransitive": [
                "com.netflix.zuul:zuul-core"
            ],
            "locked": "2.4.4"
        },
        "com.netflix.ribbon:ribbon-core": {
            "firstLevelTransitive": [
                "com.netflix.zuul:zuul-core"
            ],
            "locked": "2.4.4"
        },
        "com.netflix.ribbon:ribbon-eureka": {
            "locked": "2.4.4"
        },
        "com.netflix.ribbon:ribbon-loadbalancer": {
            "firstLevelTransitive": [
                "com.netflix.zuul:zuul-discovery"
            ],
            "locked": "2.4.4"
        },
        "com.netflix.servo:servo-core": {
            "firstLevelTransitive": [
                "com.netflix.zuul:zuul-discovery"
            ],
            "locked": "0.13.2"
        },
        "com.netflix.spectator:spectator-api": {
            "firstLevelTransitive": [
                "com.netflix.zuul:zuul-core"
            ],
            "locked": "1.9.0"
        },
        "com.netflix.zuul:zuul-core": {
            "project": true
        },
        "com.netflix.zuul:zuul-discovery": {
            "firstLevelTransitive": [
                "com.netflix.zuul:zuul-core"
            ],
            "project": true
        },
        "com.squareup.okhttp3:okhttp": {
            "locked": "4.12.0"
        },
        "commons-configuration:commons-configuration": {
            "locked": "1.10"
        },
        "io.netty:netty-bom": {
            "firstLevelTransitive": [
                "com.netflix.zuul:zuul-core"
            ],
            "locked": "4.2.6.Final"
        },
        "io.netty:netty-buffer": {
            "firstLevelTransitive": [
                "com.netflix.zuul:zuul-core"
            ],
            "locked": "4.2.6.Final"
        },
        "io.netty:netty-codec-http": {
            "firstLevelTransitive": [
                "com.netflix.zuul:zuul-core"
            ],
            "locked": "4.2.6.Final"
        },
        "io.netty:netty-codec-http2": {
            "firstLevelTransitive": [
                "com.netflix.zuul:zuul-core"
            ],
            "locked": "4.2.6.Final"
        },
        "io.netty:netty-common": {
            "firstLevelTransitive": [
                "com.netflix.zuul:zuul-core"
            ],
            "locked": "4.2.6.Final"
        },
        "io.netty:netty-handler": {
            "firstLevelTransitive": [
                "com.netflix.zuul:zuul-core"
            ],
            "locked": "4.2.6.Final"
        },
        "io.netty:netty-transport": {
            "firstLevelTransitive": [
                "com.netflix.zuul:zuul-core"
            ],
            "locked": "4.2.6.Final"
        },
        "io.netty:netty-transport-classes-epoll": {
            "locked": "4.2.6.Final"
        },
        "io.netty:netty-transport-native-io_uring": {
            "locked": "4.2.6.Final"
        },
        "io.reactivex:rxjava": {
            "firstLevelTransitive": [
                "com.netflix.zuul:zuul-core"
            ],
            "locked": "1.3.8"
        },
        "jakarta.inject:jakarta.inject-api": {
            "firstLevelTransitive": [
                "com.netflix.zuul:zuul-core"
            ],
            "locked": "2.0.1"
        },
        "javax.servlet:javax.servlet-api": {
            "locked": "4.0.1"
        },
        "org.apache.commons:commons-lang3": {
            "locked": "3.18.0"
        },
        "org.junit.jupiter:junit-jupiter-api": {
            "locked": "5.13.4"
        },
        "org.junit.jupiter:junit-jupiter-engine": {
            "locked": "5.13.4"
        },
        "org.junit.jupiter:junit-jupiter-params": {
            "locked": "5.13.4"
        },
        "org.junit.platform:junit-platform-launcher": {
            "locked": "1.13.4"
        },
        "org.mockito:mockito-junit-jupiter": {
            "locked": "5.13.0"
        },
        "org.slf4j:slf4j-api": {
            "firstLevelTransitive": [
                "com.netflix.zuul:zuul-core"
            ],
            "locked": "2.0.16"
        },
        "org.wiremock:wiremock": {
            "locked": "3.10.0"
        }
    },
    "testRuntimeClasspath": {
        "com.aayushatharva.brotli4j:brotli4j": {
            "locked": "1.16.0"
        },
        "com.aayushatharva.brotli4j:native-linux-aarch64": {
            "locked": "1.16.0"
        },
        "com.aayushatharva.brotli4j:native-linux-x86_64": {
            "locked": "1.16.0"
        },
        "com.aayushatharva.brotli4j:native-osx-aarch64": {
            "locked": "1.16.0"
        },
        "com.aayushatharva.brotli4j:native-osx-x86_64": {
            "locked": "1.16.0"
        },
        "com.fasterxml.jackson.core:jackson-core": {
            "firstLevelTransitive": [
                "com.netflix.zuul:zuul-core"
            ],
            "locked": "2.19.2"
        },
        "com.fasterxml.jackson.core:jackson-databind": {
            "firstLevelTransitive": [
                "com.netflix.zuul:zuul-core"
            ],
            "locked": "2.19.2"
        },
        "com.google.guava:guava": {
            "firstLevelTransitive": [
                "com.netflix.zuul:zuul-core",
                "com.netflix.zuul:zuul-discovery"
            ],
            "locked": "33.3.1-jre"
        },
        "com.google.truth:truth": {
            "locked": "1.4.4"
        },
        "com.netflix.archaius:archaius-core": {
            "firstLevelTransitive": [
                "com.netflix.zuul:zuul-core"
            ],
            "locked": "0.7.12"
        },
        "com.netflix.eureka:eureka-client": {
            "firstLevelTransitive": [
                "com.netflix.zuul:zuul-core",
                "com.netflix.zuul:zuul-discovery"
            ],
            "locked": "2.0.4"
        },
        "com.netflix.netflix-commons:netflix-commons-util": {
            "firstLevelTransitive": [
                "com.netflix.zuul:zuul-core"
            ],
            "locked": "0.3.0"
        },
        "com.netflix.ribbon:ribbon-archaius": {
            "firstLevelTransitive": [
                "com.netflix.zuul:zuul-core",
                "com.netflix.zuul:zuul-discovery"
            ],
            "locked": "2.4.4"
        },
        "com.netflix.ribbon:ribbon-core": {
            "firstLevelTransitive": [
                "com.netflix.zuul:zuul-core",
                "com.netflix.zuul:zuul-discovery"
            ],
            "locked": "2.4.4"
        },
        "com.netflix.ribbon:ribbon-eureka": {
            "firstLevelTransitive": [
                "com.netflix.zuul:zuul-discovery"
            ],
            "locked": "2.4.4"
        },
        "com.netflix.ribbon:ribbon-loadbalancer": {
            "firstLevelTransitive": [
                "com.netflix.zuul:zuul-discovery"
            ],
            "locked": "2.4.4"
        },
        "com.netflix.servo:servo-core": {
            "firstLevelTransitive": [
                "com.netflix.zuul:zuul-discovery"
            ],
            "locked": "0.13.2"
        },
        "com.netflix.spectator:spectator-api": {
            "firstLevelTransitive": [
                "com.netflix.zuul:zuul-core"
            ],
            "locked": "1.9.0"
        },
        "com.netflix.zuul:zuul-core": {
            "project": true
        },
        "com.netflix.zuul:zuul-discovery": {
            "firstLevelTransitive": [
                "com.netflix.zuul:zuul-core"
            ],
            "project": true
        },
        "com.squareup.okhttp3:okhttp": {
            "locked": "4.12.0"
        },
        "commons-configuration:commons-configuration": {
            "locked": "1.10"
        },
        "io.netty:netty-bom": {
            "firstLevelTransitive": [
                "com.netflix.zuul:zuul-core"
            ],
            "locked": "4.2.6.Final"
        },
        "io.netty:netty-buffer": {
            "firstLevelTransitive": [
                "com.netflix.zuul:zuul-core"
            ],
            "locked": "4.2.6.Final"
        },
        "io.netty:netty-codec-haproxy": {
            "firstLevelTransitive": [
                "com.netflix.zuul:zuul-core"
            ],
            "locked": "4.2.6.Final"
        },
        "io.netty:netty-codec-http": {
            "firstLevelTransitive": [
                "com.netflix.zuul:zuul-core"
            ],
            "locked": "4.2.6.Final"
        },
        "io.netty:netty-codec-http2": {
            "firstLevelTransitive": [
                "com.netflix.zuul:zuul-core"
            ],
            "locked": "4.2.6.Final"
        },
        "io.netty:netty-common": {
            "firstLevelTransitive": [
                "com.netflix.zuul:zuul-core"
            ],
            "locked": "4.2.6.Final"
        },
        "io.netty:netty-handler": {
            "firstLevelTransitive": [
                "com.netflix.zuul:zuul-core"
            ],
            "locked": "4.2.6.Final"
        },
        "io.netty:netty-tcnative-boringssl-static": {
            "firstLevelTransitive": [
                "com.netflix.zuul:zuul-core"
            ],
            "locked": "2.0.73.Final"
        },
        "io.netty:netty-transport": {
            "firstLevelTransitive": [
                "com.netflix.zuul:zuul-core"
            ],
            "locked": "4.2.6.Final"
        },
        "io.netty:netty-transport-classes-epoll": {
            "locked": "4.2.6.Final"
        },
        "io.netty:netty-transport-native-epoll": {
            "firstLevelTransitive": [
                "com.netflix.zuul:zuul-core"
            ],
            "locked": "4.2.6.Final"
        },
        "io.netty:netty-transport-native-io_uring": {
            "firstLevelTransitive": [
                "com.netflix.zuul:zuul-core"
            ],
            "locked": "4.2.6.Final"
        },
        "io.netty:netty-transport-native-kqueue": {
            "firstLevelTransitive": [
                "com.netflix.zuul:zuul-core"
            ],
            "locked": "4.2.6.Final"
        },
        "io.perfmark:perfmark-api": {
            "firstLevelTransitive": [
                "com.netflix.zuul:zuul-core"
            ],
            "locked": "0.27.0"
        },
        "io.reactivex:rxjava": {
            "firstLevelTransitive": [
                "com.netflix.zuul:zuul-core"
            ],
            "locked": "1.3.8"
        },
        "jakarta.inject:jakarta.inject-api": {
            "firstLevelTransitive": [
                "com.netflix.zuul:zuul-core"
            ],
            "locked": "2.0.1"
        },
        "javax.servlet:javax.servlet-api": {
            "locked": "4.0.1"
        },
        "org.apache.commons:commons-lang3": {
            "locked": "3.18.0"
        },
        "org.apache.logging.log4j:log4j-core": {
            "locked": "2.24.3"
        },
        "org.apache.logging.log4j:log4j-slf4j2-impl": {
            "locked": "2.24.3"
        },
        "org.bouncycastle:bcpkix-jdk18on": {
            "firstLevelTransitive": [
                "com.netflix.zuul:zuul-core"
            ],
            "locked": "1.78.1"
        },
        "org.bouncycastle:bcprov-jdk18on": {
            "firstLevelTransitive": [
                "com.netflix.zuul:zuul-core"
            ],
            "locked": "1.78.1"
        },
        "org.bouncycastle:bctls-jdk18on": {
            "firstLevelTransitive": [
                "com.netflix.zuul:zuul-core"
            ],
            "locked": "1.78.1"
        },
        "org.junit.jupiter:junit-jupiter-api": {
            "locked": "5.13.4"
        },
        "org.junit.jupiter:junit-jupiter-engine": {
            "locked": "5.13.4"
        },
        "org.junit.jupiter:junit-jupiter-params": {
            "locked": "5.13.4"
        },
        "org.junit.platform:junit-platform-launcher": {
            "locked": "1.13.4"
        },
        "org.mockito:mockito-junit-jupiter": {
            "locked": "5.13.0"
        },
        "org.slf4j:slf4j-api": {
            "firstLevelTransitive": [
                "com.netflix.zuul:zuul-core",
                "com.netflix.zuul:zuul-discovery"
            ],
            "locked": "2.0.16"
        },
        "org.wiremock:wiremock": {
            "locked": "3.10.0"
        }
    }
}