{
    "compileClasspath": {
        "com.google.guava:guava": {
            "locked": "31.0.1-jre"
        },
        "com.netflix.eureka:eureka-client": {
            "locked": "1.9.18"
        },
        "com.netflix.ribbon:ribbon-archaius": {
            "locked": "2.4.4"
        },
        "com.netflix.ribbon:ribbon-core": {
            "locked": "2.4.4"
        },
        "com.netflix.ribbon:ribbon-eureka": {
            "locked": "2.4.4"
        },
        "com.netflix.ribbon:ribbon-loadbalancer": {
            "locked": "2.4.4"
        },
        "org.slf4j:slf4j-api": {
            "locked": "1.7.32"
        }
    },
    "jmh": {
        "org.openjdk.jmh:jmh-core": {
            "locked": "1.25"
        },
        "org.openjdk.jmh:jmh-generator-bytecode": {
            "locked": "1.25"
        }
    },
    "jmhCompileClasspath": {
        "com.google.guava:guava": {
            "locked": "31.0.1-jre"
        },
        "com.netflix.eureka:eureka-client": {
            "locked": "1.9.18"
        },
        "com.netflix.ribbon:ribbon-archaius": {
            "locked": "2.4.4"
        },
        "com.netflix.ribbon:ribbon-core": {
            "locked": "2.4.4"
        },
        "com.netflix.ribbon:ribbon-eureka": {
            "locked": "2.4.4"
        },
        "com.netflix.ribbon:ribbon-loadbalancer": {
            "locked": "2.4.4"
        },
        "org.openjdk.jmh:jmh-core": {
            "locked": "1.25"
        },
        "org.openjdk.jmh:jmh-generator-bytecode": {
            "locked": "1.25"
        },
        "org.slf4j:slf4j-api": {
            "locked": "1.7.32"
        }
    },
    "jmhRuntimeClasspath": {
        "com.google.guava:guava": {
            "locked": "31.0.1-jre"
        },
        "com.google.truth:truth": {
            "locked": "1.0.1"
        },
        "com.netflix.eureka:eureka-client": {
            "locked": "1.9.18"
        },
        "com.netflix.ribbon:ribbon-archaius": {
            "locked": "2.4.4"
        },
        "com.netflix.ribbon:ribbon-core": {
            "locked": "2.4.4"
        },
        "com.netflix.ribbon:ribbon-eureka": {
            "locked": "2.4.4"
        },
        "com.netflix.ribbon:ribbon-loadbalancer": {
            "locked": "2.4.4"
        },
        "junit:junit": {
            "locked": "4.13.2"
        },
        "org.mockito:mockito-core": {
            "locked": "4.1.0"
        },
        "org.openjdk.jmh:jmh-core": {
            "locked": "1.25"
        },
        "org.openjdk.jmh:jmh-generator-bytecode": {
            "locked": "1.25"
        },
        "org.slf4j:slf4j-api": {
            "locked": "1.7.32"
        }
    },
    "runtimeClasspath": {
        "com.google.guava:guava": {
            "locked": "31.0.1-jre"
        },
        "com.netflix.eureka:eureka-client": {
            "locked": "1.9.18"
        },
        "com.netflix.ribbon:ribbon-archaius": {
            "locked": "2.4.4"
        },
        "com.netflix.ribbon:ribbon-core": {
            "locked": "2.4.4"
        },
        "com.netflix.ribbon:ribbon-eureka": {
            "locked": "2.4.4"
        },
        "com.netflix.ribbon:ribbon-loadbalancer": {
            "locked": "2.4.4"
        },
        "org.slf4j:slf4j-api": {
            "locked": "1.7.32"
        }
    },
    "testCompileClasspath": {
        "com.google.guava:guava": {
            "locked": "31.0.1-jre"
        },
        "com.google.truth:truth": {
            "locked": "1.0.1"
        },
        "com.netflix.eureka:eureka-client": {
            "locked": "1.9.18"
        },
        "com.netflix.ribbon:ribbon-archaius": {
            "locked": "2.4.4"
        },
        "com.netflix.ribbon:ribbon-core": {
            "locked": "2.4.4"
        },
        "com.netflix.ribbon:ribbon-eureka": {
            "locked": "2.4.4"
        },
        "com.netflix.ribbon:ribbon-loadbalancer": {
            "locked": "2.4.4"
        },
        "junit:junit": {
            "locked": "4.13.2"
        },
        "org.mockito:mockito-core": {
            "locked": "4.1.0"
        },
        "org.slf4j:slf4j-api": {
            "locked": "1.7.32"
        }
    },
    "testRuntimeClasspath": {
        "com.google.guava:guava": {
            "locked": "31.0.1-jre"
        },
        "com.google.truth:truth": {
            "locked": "1.0.1"
        },
        "com.netflix.eureka:eureka-client": {
            "locked": "1.9.18"
        },
        "com.netflix.ribbon:ribbon-archaius": {
            "locked": "2.4.4"
        },
        "com.netflix.ribbon:ribbon-core": {
            "locked": "2.4.4"
        },
        "com.netflix.ribbon:ribbon-eureka": {
            "locked": "2.4.4"
        },
        "com.netflix.ribbon:ribbon-loadbalancer": {
            "locked": "2.4.4"
        },
        "junit:junit": {
            "locked": "4.13.2"
        },
        "org.mockito:mockito-core": {
            "locked": "4.1.0"
        },
        "org.slf4j:slf4j-api": {
            "locked": "1.7.32"
        }
    }
}