{
    "compileClasspath": {
        "com.fasterxml.jackson.core:jackson-core": {
            "locked": "2.13.0"
        },
        "com.fasterxml.jackson.core:jackson-databind": {
            "locked": "2.13.0"
        },
        "com.google.guava:guava": {
            "locked": "31.0.1-jre"
        },
        "com.netflix.archaius:archaius-core": {
            "locked": "0.7.7"
        },
        "com.netflix.eureka:eureka-client": {
            "locked": "1.9.18"
        },
        "com.netflix.netflix-commons:netflix-commons-util": {
            "locked": "0.3.0"
        },
        "com.netflix.ribbon:ribbon-archaius": {
            "locked": "2.4.4"
        },
        "com.netflix.ribbon:ribbon-core": {
            "locked": "2.4.4"
        },
        "com.netflix.spectator:spectator-api": {
            "locked": "1.0.9"
        },
        "com.netflix.zuul:zuul-discovery": {
            "project": true
        },
        "io.netty:netty-buffer": {
            "locked": "4.1.71.Final"
        },
        "io.netty:netty-codec-haproxy": {
            "locked": "4.1.71.Final"
        },
        "io.netty:netty-codec-http": {
            "locked": "4.1.71.Final"
        },
        "io.netty:netty-codec-http2": {
            "locked": "4.1.71.Final"
        },
        "io.netty:netty-common": {
            "locked": "4.1.71.Final"
        },
        "io.netty:netty-handler": {
            "locked": "4.1.71.Final"
        },
        "io.netty:netty-transport": {
            "locked": "4.1.71.Final"
        },
        "io.netty:netty-transport-native-epoll": {
            "locked": "4.1.71.Final"
        },
        "io.netty:netty-transport-native-kqueue": {
            "locked": "4.1.71.Final"
        },
        "io.perfmark:perfmark-api": {
            "locked": "0.24.0"
        },
        "io.reactivex:rxjava": {
            "locked": "1.3.8"
        },
        "javax.inject:javax.inject": {
            "locked": "1"
        },
        "org.bouncycastle:bcpkix-jdk15on": {
            "locked": "1.70"
        },
        "org.bouncycastle:bcprov-jdk15on": {
            "locked": "1.70"
        },
        "org.slf4j:slf4j-api": {
            "locked": "1.7.32"
        }
    },
    "jmh": {
        "org.openjdk.jmh:jmh-core": {
            "locked": "1.33"
        },
        "org.openjdk.jmh:jmh-generator-annprocess": {
            "locked": "1.33"
        },
        "org.openjdk.jmh:jmh-generator-bytecode": {
            "locked": "1.25"
        }
    },
    "jmhCompileClasspath": {
        "com.fasterxml.jackson.core:jackson-core": {
            "locked": "2.13.0"
        },
        "com.fasterxml.jackson.core:jackson-databind": {
            "locked": "2.13.0"
        },
        "com.google.guava:guava": {
            "locked": "31.0.1-jre"
        },
        "com.netflix.archaius:archaius-core": {
            "locked": "0.7.7"
        },
        "com.netflix.eureka:eureka-client": {
            "locked": "1.9.18"
        },
        "com.netflix.netflix-commons:netflix-commons-util": {
            "locked": "0.3.0"
        },
        "com.netflix.ribbon:ribbon-archaius": {
            "locked": "2.4.4"
        },
        "com.netflix.ribbon:ribbon-core": {
            "locked": "2.4.4"
        },
        "com.netflix.spectator:spectator-api": {
            "locked": "1.0.9"
        },
        "com.netflix.zuul:zuul-discovery": {
            "project": true
        },
        "io.netty:netty-buffer": {
            "locked": "4.1.71.Final"
        },
        "io.netty:netty-codec-haproxy": {
            "locked": "4.1.71.Final"
        },
        "io.netty:netty-codec-http": {
            "locked": "4.1.71.Final"
        },
        "io.netty:netty-codec-http2": {
            "locked": "4.1.71.Final"
        },
        "io.netty:netty-common": {
            "locked": "4.1.71.Final"
        },
        "io.netty:netty-handler": {
            "locked": "4.1.71.Final"
        },
        "io.netty:netty-transport": {
            "locked": "4.1.71.Final"
        },
        "io.netty:netty-transport-native-epoll": {
            "locked": "4.1.71.Final"
        },
        "io.netty:netty-transport-native-kqueue": {
            "locked": "4.1.71.Final"
        },
        "io.perfmark:perfmark-api": {
            "locked": "0.24.0"
        },
        "io.reactivex:rxjava": {
            "locked": "1.3.8"
        },
        "javax.inject:javax.inject": {
            "locked": "1"
        },
        "org.bouncycastle:bcpkix-jdk15on": {
            "locked": "1.70"
        },
        "org.bouncycastle:bcprov-jdk15on": {
            "locked": "1.70"
        },
        "org.openjdk.jmh:jmh-core": {
            "locked": "1.33"
        },
        "org.openjdk.jmh:jmh-generator-annprocess": {
            "locked": "1.33"
        },
        "org.openjdk.jmh:jmh-generator-bytecode": {
            "locked": "1.25"
        },
        "org.slf4j:slf4j-api": {
            "locked": "1.7.32"
        }
    },
    "jmhRuntimeClasspath": {
        "com.fasterxml.jackson.core:jackson-core": {
            "locked": "2.13.0"
        },
        "com.fasterxml.jackson.core:jackson-databind": {
            "locked": "2.13.0"
        },
        "com.google.guava:guava": {
            "firstLevelTransitive": [
                "com.netflix.zuul:zuul-discovery"
            ],
            "locked": "31.0.1-jre"
        },
        "com.google.truth:truth": {
            "locked": "1.0.1"
        },
        "com.netflix.archaius:archaius-core": {
            "locked": "0.7.7"
        },
        "com.netflix.eureka:eureka-client": {
            "firstLevelTransitive": [
                "com.netflix.zuul:zuul-discovery"
            ],
            "locked": "1.9.18"
        },
        "com.netflix.netflix-commons:netflix-commons-util": {
            "locked": "0.3.0"
        },
        "com.netflix.ribbon:ribbon-archaius": {
            "firstLevelTransitive": [
                "com.netflix.zuul:zuul-discovery"
            ],
            "locked": "2.4.4"
        },
        "com.netflix.ribbon:ribbon-core": {
            "firstLevelTransitive": [
                "com.netflix.zuul:zuul-discovery"
            ],
            "locked": "2.4.4"
        },
        "com.netflix.ribbon:ribbon-eureka": {
            "firstLevelTransitive": [
                "com.netflix.zuul:zuul-discovery"
            ],
            "locked": "2.4.4"
        },
        "com.netflix.ribbon:ribbon-loadbalancer": {
            "firstLevelTransitive": [
                "com.netflix.zuul:zuul-discovery"
            ],
            "locked": "2.4.4"
        },
        "com.netflix.spectator:spectator-api": {
            "locked": "1.0.9"
        },
        "com.netflix.zuul:zuul-discovery": {
            "project": true
        },
        "io.netty:netty-buffer": {
            "locked": "4.1.71.Final"
        },
        "io.netty:netty-codec-haproxy": {
            "locked": "4.1.71.Final"
        },
        "io.netty:netty-codec-http": {
            "locked": "4.1.71.Final"
        },
        "io.netty:netty-codec-http2": {
            "locked": "4.1.71.Final"
        },
        "io.netty:netty-common": {
            "locked": "4.1.71.Final"
        },
        "io.netty:netty-handler": {
            "locked": "4.1.71.Final"
        },
        "io.netty:netty-tcnative-boringssl-static": {
            "locked": "2.0.46.Final"
        },
        "io.netty:netty-transport": {
            "locked": "4.1.71.Final"
        },
        "io.netty:netty-transport-native-epoll": {
            "locked": "4.1.71.Final"
        },
        "io.netty:netty-transport-native-kqueue": {
            "locked": "4.1.71.Final"
        },
        "io.perfmark:perfmark-api": {
            "locked": "0.24.0"
        },
        "io.reactivex:rxjava": {
            "locked": "1.3.8"
        },
        "javax.inject:javax.inject": {
            "locked": "1"
        },
        "junit:junit": {
            "locked": "4.13.2"
        },
        "org.bouncycastle:bcpkix-jdk15on": {
            "locked": "1.70"
        },
        "org.bouncycastle:bcprov-jdk15on": {
            "locked": "1.70"
        },
        "org.mockito:mockito-core": {
            "locked": "4.1.0"
        },
        "org.openjdk.jmh:jmh-core": {
            "locked": "1.33"
        },
        "org.openjdk.jmh:jmh-generator-annprocess": {
            "locked": "1.33"
        },
        "org.openjdk.jmh:jmh-generator-bytecode": {
            "locked": "1.25"
        },
        "org.slf4j:slf4j-api": {
            "firstLevelTransitive": [
                "com.netflix.zuul:zuul-discovery"
            ],
            "locked": "1.7.32"
        },
        "org.slf4j:slf4j-simple": {
            "locked": "1.7.32"
        }
    },
    "runtimeClasspath": {
        "com.fasterxml.jackson.core:jackson-core": {
            "locked": "2.13.0"
        },
        "com.fasterxml.jackson.core:jackson-databind": {
            "locked": "2.13.0"
        },
        "com.google.guava:guava": {
            "firstLevelTransitive": [
                "com.netflix.zuul:zuul-discovery"
            ],
            "locked": "31.0.1-jre"
        },
        "com.netflix.archaius:archaius-core": {
            "locked": "0.7.7"
        },
        "com.netflix.eureka:eureka-client": {
            "firstLevelTransitive": [
                "com.netflix.zuul:zuul-discovery"
            ],
            "locked": "1.9.18"
        },
        "com.netflix.netflix-commons:netflix-commons-util": {
            "locked": "0.3.0"
        },
        "com.netflix.ribbon:ribbon-archaius": {
            "firstLevelTransitive": [
                "com.netflix.zuul:zuul-discovery"
            ],
            "locked": "2.4.4"
        },
        "com.netflix.ribbon:ribbon-core": {
            "firstLevelTransitive": [
                "com.netflix.zuul:zuul-discovery"
            ],
            "locked": "2.4.4"
        },
        "com.netflix.ribbon:ribbon-eureka": {
            "firstLevelTransitive": [
                "com.netflix.zuul:zuul-discovery"
            ],
            "locked": "2.4.4"
        },
        "com.netflix.ribbon:ribbon-loadbalancer": {
            "firstLevelTransitive": [
                "com.netflix.zuul:zuul-discovery"
            ],
            "locked": "2.4.4"
        },
        "com.netflix.spectator:spectator-api": {
            "locked": "1.0.9"
        },
        "com.netflix.zuul:zuul-discovery": {
            "project": true
        },
        "io.netty:netty-buffer": {
            "locked": "4.1.71.Final"
        },
        "io.netty:netty-codec-haproxy": {
            "locked": "4.1.71.Final"
        },
        "io.netty:netty-codec-http": {
            "locked": "4.1.71.Final"
        },
        "io.netty:netty-codec-http2": {
            "locked": "4.1.71.Final"
        },
        "io.netty:netty-common": {
            "locked": "4.1.71.Final"
        },
        "io.netty:netty-handler": {
            "locked": "4.1.71.Final"
        },
        "io.netty:netty-tcnative-boringssl-static": {
            "locked": "2.0.46.Final"
        },
        "io.netty:netty-transport": {
            "locked": "4.1.71.Final"
        },
        "io.netty:netty-transport-native-epoll": {
            "locked": "4.1.71.Final"
        },
        "io.netty:netty-transport-native-kqueue": {
            "locked": "4.1.71.Final"
        },
        "io.perfmark:perfmark-api": {
            "locked": "0.24.0"
        },
        "io.reactivex:rxjava": {
            "locked": "1.3.8"
        },
        "javax.inject:javax.inject": {
            "locked": "1"
        },
        "org.bouncycastle:bcpkix-jdk15on": {
            "locked": "1.70"
        },
        "org.bouncycastle:bcprov-jdk15on": {
            "locked": "1.70"
        },
        "org.slf4j:slf4j-api": {
            "firstLevelTransitive": [
                "com.netflix.zuul:zuul-discovery"
            ],
            "locked": "1.7.32"
        }
    },
    "testCompileClasspath": {
        "com.fasterxml.jackson.core:jackson-core": {
            "locked": "2.13.0"
        },
        "com.fasterxml.jackson.core:jackson-databind": {
            "locked": "2.13.0"
        },
        "com.google.guava:guava": {
            "locked": "31.0.1-jre"
        },
        "com.google.truth:truth": {
            "locked": "1.0.1"
        },
        "com.netflix.archaius:archaius-core": {
            "locked": "0.7.7"
        },
        "com.netflix.eureka:eureka-client": {
            "locked": "1.9.18"
        },
        "com.netflix.netflix-commons:netflix-commons-util": {
            "locked": "0.3.0"
        },
        "com.netflix.ribbon:ribbon-archaius": {
            "locked": "2.4.4"
        },
        "com.netflix.ribbon:ribbon-core": {
            "locked": "2.4.4"
        },
        "com.netflix.spectator:spectator-api": {
            "locked": "1.0.9"
        },
        "com.netflix.zuul:zuul-discovery": {
            "project": true
        },
        "io.netty:netty-buffer": {
            "locked": "4.1.71.Final"
        },
        "io.netty:netty-codec-haproxy": {
            "locked": "4.1.71.Final"
        },
        "io.netty:netty-codec-http": {
            "locked": "4.1.71.Final"
        },
        "io.netty:netty-codec-http2": {
            "locked": "4.1.71.Final"
        },
        "io.netty:netty-common": {
            "locked": "4.1.71.Final"
        },
        "io.netty:netty-handler": {
            "locked": "4.1.71.Final"
        },
        "io.netty:netty-transport": {
            "locked": "4.1.71.Final"
        },
        "io.netty:netty-transport-native-epoll": {
            "locked": "4.1.71.Final"
        },
        "io.netty:netty-transport-native-kqueue": {
            "locked": "4.1.71.Final"
        },
        "io.perfmark:perfmark-api": {
            "locked": "0.24.0"
        },
        "io.reactivex:rxjava": {
            "locked": "1.3.8"
        },
        "javax.inject:javax.inject": {
            "locked": "1"
        },
        "junit:junit": {
            "locked": "4.13.2"
        },
        "org.bouncycastle:bcpkix-jdk15on": {
            "locked": "1.70"
        },
        "org.bouncycastle:bcprov-jdk15on": {
            "locked": "1.70"
        },
        "org.mockito:mockito-core": {
            "locked": "4.1.0"
        },
        "org.slf4j:slf4j-api": {
            "locked": "1.7.32"
        }
    },
    "testRuntimeClasspath": {
        "com.fasterxml.jackson.core:jackson-core": {
            "locked": "2.13.0"
        },
        "com.fasterxml.jackson.core:jackson-databind": {
            "locked": "2.13.0"
        },
        "com.google.guava:guava": {
            "firstLevelTransitive": [
                "com.netflix.zuul:zuul-discovery"
            ],
            "locked": "31.0.1-jre"
        },
        "com.google.truth:truth": {
            "locked": "1.0.1"
        },
        "com.netflix.archaius:archaius-core": {
            "locked": "0.7.7"
        },
        "com.netflix.eureka:eureka-client": {
            "firstLevelTransitive": [
                "com.netflix.zuul:zuul-discovery"
            ],
            "locked": "1.9.18"
        },
        "com.netflix.netflix-commons:netflix-commons-util": {
            "locked": "0.3.0"
        },
        "com.netflix.ribbon:ribbon-archaius": {
            "firstLevelTransitive": [
                "com.netflix.zuul:zuul-discovery"
            ],
            "locked": "2.4.4"
        },
        "com.netflix.ribbon:ribbon-core": {
            "firstLevelTransitive": [
                "com.netflix.zuul:zuul-discovery"
            ],
            "locked": "2.4.4"
        },
        "com.netflix.ribbon:ribbon-eureka": {
            "firstLevelTransitive": [
                "com.netflix.zuul:zuul-discovery"
            ],
            "locked": "2.4.4"
        },
        "com.netflix.ribbon:ribbon-loadbalancer": {
            "firstLevelTransitive": [
                "com.netflix.zuul:zuul-discovery"
            ],
            "locked": "2.4.4"
        },
        "com.netflix.spectator:spectator-api": {
            "locked": "1.0.9"
        },
        "com.netflix.zuul:zuul-discovery": {
            "project": true
        },
        "io.netty:netty-buffer": {
            "locked": "4.1.71.Final"
        },
        "io.netty:netty-codec-haproxy": {
            "locked": "4.1.71.Final"
        },
        "io.netty:netty-codec-http": {
            "locked": "4.1.71.Final"
        },
        "io.netty:netty-codec-http2": {
            "locked": "4.1.71.Final"
        },
        "io.netty:netty-common": {
            "locked": "4.1.71.Final"
        },
        "io.netty:netty-handler": {
            "locked": "4.1.71.Final"
        },
        "io.netty:netty-tcnative-boringssl-static": {
            "locked": "2.0.46.Final"
        },
        "io.netty:netty-transport": {
            "locked": "4.1.71.Final"
        },
        "io.netty:netty-transport-native-epoll": {
            "locked": "4.1.71.Final"
        },
        "io.netty:netty-transport-native-kqueue": {
            "locked": "4.1.71.Final"
        },
        "io.perfmark:perfmark-api": {
            "locked": "0.24.0"
        },
        "io.reactivex:rxjava": {
            "locked": "1.3.8"
        },
        "javax.inject:javax.inject": {
            "locked": "1"
        },
        "junit:junit": {
            "locked": "4.13.2"
        },
        "org.bouncycastle:bcpkix-jdk15on": {
            "locked": "1.70"
        },
        "org.bouncycastle:bcprov-jdk15on": {
            "locked": "1.70"
        },
        "org.mockito:mockito-core": {
            "locked": "4.1.0"
        },
        "org.slf4j:slf4j-api": {
            "firstLevelTransitive": [
                "com.netflix.zuul:zuul-discovery"
            ],
            "locked": "1.7.32"
        },
        "org.slf4j:slf4j-simple": {
            "locked": "1.7.32"
        }
    }
}