{
    "compileClasspath": {
        "com.fasterxml.jackson.core:jackson-core": {
            "locked": "2.12.1"
        },
        "com.fasterxml.jackson.core:jackson-databind": {
            "locked": "2.12.1"
        },
        "com.google.guava:guava": {
            "locked": "29.0-jre"
        },
        "com.netflix.archaius:archaius-core": {
            "locked": "0.7.5"
        },
        "com.netflix.eureka:eureka-client": {
            "locked": "1.9.18"
        },
        "com.netflix.netflix-commons:netflix-commons-util": {
            "locked": "0.3.0"
        },
        "com.netflix.ribbon:ribbon-archaius": {
            "locked": "2.4.4"
        },
        "com.netflix.ribbon:ribbon-core": {
            "locked": "2.4.4"
        },
        "com.netflix.spectator:spectator-api": {
            "locked": "0.123.1"
        },
        "com.netflix.zuul:zuul-discovery": {
            "project": true
        },
        "io.netty:netty-buffer": {
            "locked": "4.1.63.Final"
        },
        "io.netty:netty-codec-haproxy": {
            "locked": "4.1.63.Final"
        },
        "io.netty:netty-codec-http": {
            "locked": "4.1.63.Final"
        },
        "io.netty:netty-codec-http2": {
            "locked": "4.1.63.Final"
        },
        "io.netty:netty-common": {
            "locked": "4.1.63.Final"
        },
        "io.netty:netty-handler": {
            "locked": "4.1.63.Final"
        },
        "io.netty:netty-transport": {
            "locked": "4.1.63.Final"
        },
        "io.netty:netty-transport-native-epoll": {
            "locked": "4.1.63.Final"
        },
        "io.netty:netty-transport-native-kqueue": {
            "locked": "4.1.63.Final"
        },
        "io.perfmark:perfmark-api": {
            "locked": "0.24.0"
        },
        "io.reactivex:rxjava": {
            "locked": "1.2.1"
        },
        "javax.inject:javax.inject": {
            "locked": "1"
        },
        "org.bouncycastle:bcprov-jdk15on": {
            "locked": "1.68"
        },
        "org.slf4j:slf4j-api": {
            "locked": "1.7.25"
        }
    },
    "jmh": {
        "org.openjdk.jmh:jmh-core": {
            "locked": "1.31"
        },
        "org.openjdk.jmh:jmh-generator-annprocess": {
            "locked": "1.31"
        },
        "org.openjdk.jmh:jmh-generator-bytecode": {
            "locked": "1.21"
        }
    },
    "jmhCompileClasspath": {
        "com.fasterxml.jackson.core:jackson-core": {
            "locked": "2.12.1"
        },
        "com.fasterxml.jackson.core:jackson-databind": {
            "locked": "2.12.1"
        },
        "com.google.guava:guava": {
            "locked": "29.0-jre"
        },
        "com.netflix.archaius:archaius-core": {
            "locked": "0.7.5"
        },
        "com.netflix.eureka:eureka-client": {
            "locked": "1.9.18"
        },
        "com.netflix.netflix-commons:netflix-commons-util": {
            "locked": "0.3.0"
        },
        "com.netflix.ribbon:ribbon-archaius": {
            "locked": "2.4.4"
        },
        "com.netflix.ribbon:ribbon-core": {
            "locked": "2.4.4"
        },
        "com.netflix.spectator:spectator-api": {
            "locked": "0.123.1"
        },
        "com.netflix.zuul:zuul-discovery": {
            "project": true
        },
        "io.netty:netty-buffer": {
            "locked": "4.1.63.Final"
        },
        "io.netty:netty-codec-haproxy": {
            "locked": "4.1.63.Final"
        },
        "io.netty:netty-codec-http": {
            "locked": "4.1.63.Final"
        },
        "io.netty:netty-codec-http2": {
            "locked": "4.1.63.Final"
        },
        "io.netty:netty-common": {
            "locked": "4.1.63.Final"
        },
        "io.netty:netty-handler": {
            "locked": "4.1.63.Final"
        },
        "io.netty:netty-transport": {
            "locked": "4.1.63.Final"
        },
        "io.netty:netty-transport-native-epoll": {
            "locked": "4.1.63.Final"
        },
        "io.netty:netty-transport-native-kqueue": {
            "locked": "4.1.63.Final"
        },
        "io.perfmark:perfmark-api": {
            "locked": "0.24.0"
        },
        "io.reactivex:rxjava": {
            "locked": "1.2.1"
        },
        "javax.inject:javax.inject": {
            "locked": "1"
        },
        "org.bouncycastle:bcprov-jdk15on": {
            "locked": "1.68"
        },
        "org.openjdk.jmh:jmh-core": {
            "locked": "1.31"
        },
        "org.openjdk.jmh:jmh-generator-annprocess": {
            "locked": "1.31"
        },
        "org.openjdk.jmh:jmh-generator-bytecode": {
            "locked": "1.21"
        },
        "org.slf4j:slf4j-api": {
            "locked": "1.7.25"
        }
    },
    "jmhRuntimeClasspath": {
        "com.fasterxml.jackson.core:jackson-core": {
            "locked": "2.12.1"
        },
        "com.fasterxml.jackson.core:jackson-databind": {
            "locked": "2.12.1"
        },
        "com.google.guava:guava": {
            "firstLevelTransitive": [
                "com.netflix.zuul:zuul-discovery"
            ],
            "locked": "29.0-jre"
        },
        "com.google.truth:truth": {
            "locked": "1.0.1"
        },
        "com.netflix.archaius:archaius-core": {
            "locked": "0.7.6"
        },
        "com.netflix.eureka:eureka-client": {
            "firstLevelTransitive": [
                "com.netflix.zuul:zuul-discovery"
            ],
            "locked": "1.9.18"
        },
        "com.netflix.netflix-commons:netflix-commons-util": {
            "locked": "0.3.0"
        },
        "com.netflix.ribbon:ribbon-archaius": {
            "firstLevelTransitive": [
                "com.netflix.zuul:zuul-discovery"
            ],
            "locked": "2.4.4"
        },
        "com.netflix.ribbon:ribbon-core": {
            "firstLevelTransitive": [
                "com.netflix.zuul:zuul-discovery"
            ],
            "locked": "2.4.4"
        },
        "com.netflix.ribbon:ribbon-eureka": {
            "firstLevelTransitive": [
                "com.netflix.zuul:zuul-discovery"
            ],
            "locked": "2.4.4"
        },
        "com.netflix.ribbon:ribbon-loadbalancer": {
            "firstLevelTransitive": [
                "com.netflix.zuul:zuul-discovery"
            ],
            "locked": "2.4.4"
        },
        "com.netflix.spectator:spectator-api": {
            "locked": "0.123.1"
        },
        "com.netflix.zuul:zuul-discovery": {
            "project": true
        },
        "io.netty:netty-buffer": {
            "locked": "4.1.63.Final"
        },
        "io.netty:netty-codec-haproxy": {
            "locked": "4.1.63.Final"
        },
        "io.netty:netty-codec-http": {
            "locked": "4.1.63.Final"
        },
        "io.netty:netty-codec-http2": {
            "locked": "4.1.63.Final"
        },
        "io.netty:netty-common": {
            "locked": "4.1.63.Final"
        },
        "io.netty:netty-handler": {
            "locked": "4.1.63.Final"
        },
        "io.netty:netty-tcnative-boringssl-static": {
            "locked": "2.0.38.Final"
        },
        "io.netty:netty-transport": {
            "locked": "4.1.63.Final"
        },
        "io.netty:netty-transport-native-epoll": {
            "locked": "4.1.63.Final"
        },
        "io.netty:netty-transport-native-kqueue": {
            "locked": "4.1.63.Final"
        },
        "io.perfmark:perfmark-api": {
            "locked": "0.24.0"
        },
        "io.reactivex:rxjava": {
            "locked": "1.2.1"
        },
        "javax.inject:javax.inject": {
            "locked": "1"
        },
        "junit:junit": {
            "locked": "4.13.1"
        },
        "org.bouncycastle:bcprov-jdk15on": {
            "locked": "1.68"
        },
        "org.mockito:mockito-core": {
            "locked": "3.10.0"
        },
        "org.openjdk.jmh:jmh-core": {
            "locked": "1.31"
        },
        "org.openjdk.jmh:jmh-generator-annprocess": {
            "locked": "1.31"
        },
        "org.openjdk.jmh:jmh-generator-bytecode": {
            "locked": "1.21"
        },
        "org.slf4j:slf4j-api": {
            "firstLevelTransitive": [
                "com.netflix.zuul:zuul-discovery"
            ],
            "locked": "1.7.30"
        },
        "org.slf4j:slf4j-simple": {
            "locked": "1.7.29"
        }
    },
    "runtimeClasspath": {
        "com.fasterxml.jackson.core:jackson-core": {
            "locked": "2.12.1"
        },
        "com.fasterxml.jackson.core:jackson-databind": {
            "locked": "2.12.1"
        },
        "com.google.guava:guava": {
            "firstLevelTransitive": [
                "com.netflix.zuul:zuul-discovery"
            ],
            "locked": "29.0-jre"
        },
        "com.netflix.archaius:archaius-core": {
            "locked": "0.7.6"
        },
        "com.netflix.eureka:eureka-client": {
            "firstLevelTransitive": [
                "com.netflix.zuul:zuul-discovery"
            ],
            "locked": "1.9.18"
        },
        "com.netflix.netflix-commons:netflix-commons-util": {
            "locked": "0.3.0"
        },
        "com.netflix.ribbon:ribbon-archaius": {
            "firstLevelTransitive": [
                "com.netflix.zuul:zuul-discovery"
            ],
            "locked": "2.4.4"
        },
        "com.netflix.ribbon:ribbon-core": {
            "firstLevelTransitive": [
                "com.netflix.zuul:zuul-discovery"
            ],
            "locked": "2.4.4"
        },
        "com.netflix.ribbon:ribbon-eureka": {
            "firstLevelTransitive": [
                "com.netflix.zuul:zuul-discovery"
            ],
            "locked": "2.4.4"
        },
        "com.netflix.ribbon:ribbon-loadbalancer": {
            "firstLevelTransitive": [
                "com.netflix.zuul:zuul-discovery"
            ],
            "locked": "2.4.4"
        },
        "com.netflix.spectator:spectator-api": {
            "locked": "0.123.1"
        },
        "com.netflix.zuul:zuul-discovery": {
            "project": true
        },
        "io.netty:netty-buffer": {
            "locked": "4.1.63.Final"
        },
        "io.netty:netty-codec-haproxy": {
            "locked": "4.1.63.Final"
        },
        "io.netty:netty-codec-http": {
            "locked": "4.1.63.Final"
        },
        "io.netty:netty-codec-http2": {
            "locked": "4.1.63.Final"
        },
        "io.netty:netty-common": {
            "locked": "4.1.63.Final"
        },
        "io.netty:netty-handler": {
            "locked": "4.1.63.Final"
        },
        "io.netty:netty-tcnative-boringssl-static": {
            "locked": "2.0.38.Final"
        },
        "io.netty:netty-transport": {
            "locked": "4.1.63.Final"
        },
        "io.netty:netty-transport-native-epoll": {
            "locked": "4.1.63.Final"
        },
        "io.netty:netty-transport-native-kqueue": {
            "locked": "4.1.63.Final"
        },
        "io.perfmark:perfmark-api": {
            "locked": "0.24.0"
        },
        "io.reactivex:rxjava": {
            "locked": "1.2.1"
        },
        "javax.inject:javax.inject": {
            "locked": "1"
        },
        "org.bouncycastle:bcprov-jdk15on": {
            "locked": "1.68"
        },
        "org.slf4j:slf4j-api": {
            "firstLevelTransitive": [
                "com.netflix.zuul:zuul-discovery"
            ],
            "locked": "1.7.30"
        }
    },
    "testCompileClasspath": {
        "com.fasterxml.jackson.core:jackson-core": {
            "locked": "2.12.1"
        },
        "com.fasterxml.jackson.core:jackson-databind": {
            "locked": "2.12.1"
        },
        "com.google.guava:guava": {
            "locked": "29.0-jre"
        },
        "com.google.truth:truth": {
            "locked": "1.0.1"
        },
        "com.netflix.archaius:archaius-core": {
            "locked": "0.7.5"
        },
        "com.netflix.eureka:eureka-client": {
            "locked": "1.9.18"
        },
        "com.netflix.netflix-commons:netflix-commons-util": {
            "locked": "0.3.0"
        },
        "com.netflix.ribbon:ribbon-archaius": {
            "locked": "2.4.4"
        },
        "com.netflix.ribbon:ribbon-core": {
            "locked": "2.4.4"
        },
        "com.netflix.spectator:spectator-api": {
            "locked": "0.123.1"
        },
        "com.netflix.zuul:zuul-discovery": {
            "project": true
        },
        "io.netty:netty-buffer": {
            "locked": "4.1.63.Final"
        },
        "io.netty:netty-codec-haproxy": {
            "locked": "4.1.63.Final"
        },
        "io.netty:netty-codec-http": {
            "locked": "4.1.63.Final"
        },
        "io.netty:netty-codec-http2": {
            "locked": "4.1.63.Final"
        },
        "io.netty:netty-common": {
            "locked": "4.1.63.Final"
        },
        "io.netty:netty-handler": {
            "locked": "4.1.63.Final"
        },
        "io.netty:netty-transport": {
            "locked": "4.1.63.Final"
        },
        "io.netty:netty-transport-native-epoll": {
            "locked": "4.1.63.Final"
        },
        "io.netty:netty-transport-native-kqueue": {
            "locked": "4.1.63.Final"
        },
        "io.perfmark:perfmark-api": {
            "locked": "0.24.0"
        },
        "io.reactivex:rxjava": {
            "locked": "1.2.1"
        },
        "javax.inject:javax.inject": {
            "locked": "1"
        },
        "junit:junit": {
            "locked": "4.13.1"
        },
        "org.bouncycastle:bcprov-jdk15on": {
            "locked": "1.68"
        },
        "org.mockito:mockito-core": {
            "locked": "3.10.0"
        },
        "org.slf4j:slf4j-api": {
            "locked": "1.7.25"
        }
    },
    "testRuntimeClasspath": {
        "com.fasterxml.jackson.core:jackson-core": {
            "locked": "2.12.1"
        },
        "com.fasterxml.jackson.core:jackson-databind": {
            "locked": "2.12.1"
        },
        "com.google.guava:guava": {
            "firstLevelTransitive": [
                "com.netflix.zuul:zuul-discovery"
            ],
            "locked": "29.0-jre"
        },
        "com.google.truth:truth": {
            "locked": "1.0.1"
        },
        "com.netflix.archaius:archaius-core": {
            "locked": "0.7.6"
        },
        "com.netflix.eureka:eureka-client": {
            "firstLevelTransitive": [
                "com.netflix.zuul:zuul-discovery"
            ],
            "locked": "1.9.18"
        },
        "com.netflix.netflix-commons:netflix-commons-util": {
            "locked": "0.3.0"
        },
        "com.netflix.ribbon:ribbon-archaius": {
            "firstLevelTransitive": [
                "com.netflix.zuul:zuul-discovery"
            ],
            "locked": "2.4.4"
        },
        "com.netflix.ribbon:ribbon-core": {
            "firstLevelTransitive": [
                "com.netflix.zuul:zuul-discovery"
            ],
            "locked": "2.4.4"
        },
        "com.netflix.ribbon:ribbon-eureka": {
            "firstLevelTransitive": [
                "com.netflix.zuul:zuul-discovery"
            ],
            "locked": "2.4.4"
        },
        "com.netflix.ribbon:ribbon-loadbalancer": {
            "firstLevelTransitive": [
                "com.netflix.zuul:zuul-discovery"
            ],
            "locked": "2.4.4"
        },
        "com.netflix.spectator:spectator-api": {
            "locked": "0.123.1"
        },
        "com.netflix.zuul:zuul-discovery": {
            "project": true
        },
        "io.netty:netty-buffer": {
            "locked": "4.1.63.Final"
        },
        "io.netty:netty-codec-haproxy": {
            "locked": "4.1.63.Final"
        },
        "io.netty:netty-codec-http": {
            "locked": "4.1.63.Final"
        },
        "io.netty:netty-codec-http2": {
            "locked": "4.1.63.Final"
        },
        "io.netty:netty-common": {
            "locked": "4.1.63.Final"
        },
        "io.netty:netty-handler": {
            "locked": "4.1.63.Final"
        },
        "io.netty:netty-tcnative-boringssl-static": {
            "locked": "2.0.38.Final"
        },
        "io.netty:netty-transport": {
            "locked": "4.1.63.Final"
        },
        "io.netty:netty-transport-native-epoll": {
            "locked": "4.1.63.Final"
        },
        "io.netty:netty-transport-native-kqueue": {
            "locked": "4.1.63.Final"
        },
        "io.perfmark:perfmark-api": {
            "locked": "0.24.0"
        },
        "io.reactivex:rxjava": {
            "locked": "1.2.1"
        },
        "javax.inject:javax.inject": {
            "locked": "1"
        },
        "junit:junit": {
            "locked": "4.13.1"
        },
        "org.bouncycastle:bcprov-jdk15on": {
            "locked": "1.68"
        },
        "org.mockito:mockito-core": {
            "locked": "3.10.0"
        },
        "org.slf4j:slf4j-api": {
            "firstLevelTransitive": [
                "com.netflix.zuul:zuul-discovery"
            ],
            "locked": "1.7.30"
        },
        "org.slf4j:slf4j-simple": {
            "locked": "1.7.29"
        }
    }
}